// !$*UTF8*$!
{
	archiveVersion = 1;
	classes = {
	};
	objectVersion = 46;
	objects = {

/* Begin PBXBuildFile section */
		FCA180E81CF99B6A0087E9F1 /* AppDelegate.swift in Sources */ = {isa = PBXBuildFile; fileRef = FCA180E71CF99B6A0087E9F1 /* AppDelegate.swift */; };
		FCA180EA1CF99B6A0087E9F1 /* ViewController.swift in Sources */ = {isa = PBXBuildFile; fileRef = FCA180E91CF99B6A0087E9F1 /* ViewController.swift */; };
		FCA180ED1CF99B6A0087E9F1 /* Main.storyboard in Resources */ = {isa = PBXBuildFile; fileRef = FCA180EB1CF99B6A0087E9F1 /* Main.storyboard */; };
		FCA180EF1CF99B6A0087E9F1 /* Assets.xcassets in Resources */ = {isa = PBXBuildFile; fileRef = FCA180EE1CF99B6A0087E9F1 /* Assets.xcassets */; };
		FCA180F21CF99B6A0087E9F1 /* LaunchScreen.storyboard in Resources */ = {isa = PBXBuildFile; fileRef = FCA180F01CF99B6A0087E9F1 /* LaunchScreen.storyboard */; };
		FCA180FD1CF99B6A0087E9F1 /* ChirpTests.swift in Sources */ = {isa = PBXBuildFile; fileRef = FCA180FC1CF99B6A0087E9F1 /* ChirpTests.swift */; };
		FCA181081CF99B6A0087E9F1 /* ChirpUITests.swift in Sources */ = {isa = PBXBuildFile; fileRef = FCA181071CF99B6A0087E9F1 /* ChirpUITests.swift */; };
/* End PBXBuildFile section */

/* Begin PBXContainerItemProxy section */
		FCA180F91CF99B6A0087E9F1 /* PBXContainerItemProxy */ = {
			isa = PBXContainerItemProxy;
			containerPortal = FCA180DC1CF99B6A0087E9F1 /* Project object */;
			proxyType = 1;
			remoteGlobalIDString = FCA180E31CF99B6A0087E9F1;
			remoteInfo = Chirp;
		};
		FCA181041CF99B6A0087E9F1 /* PBXContainerItemProxy */ = {
			isa = PBXContainerItemProxy;
			containerPortal = FCA180DC1CF99B6A0087E9F1 /* Project object */;
			proxyType = 1;
			remoteGlobalIDString = FCA180E31CF99B6A0087E9F1;
			remoteInfo = Chirp;
		};
/* End PBXContainerItemProxy section */

/* Begin PBXFileReference section */
		FCA180E41CF99B6A0087E9F1 /* Chirp.app */ = {isa = PBXFileReference; explicitFileType = wrapper.application; includeInIndex = 0; path = Chirp.app; sourceTree = BUILT_PRODUCTS_DIR; };
		FCA180E71CF99B6A0087E9F1 /* AppDelegate.swift */ = {isa = PBXFileReference; lastKnownFileType = sourcecode.swift; path = AppDelegate.swift; sourceTree = "<group>"; };
		FCA180E91CF99B6A0087E9F1 /* ViewController.swift */ = {isa = PBXFileReference; lastKnownFileType = sourcecode.swift; path = ViewController.swift; sourceTree = "<group>"; };
		FCA180EC1CF99B6A0087E9F1 /* Base */ = {isa = PBXFileReference; lastKnownFileType = file.storyboard; name = Base; path = Base.lproj/Main.storyboard; sourceTree = "<group>"; };
		FCA180EE1CF99B6A0087E9F1 /* Assets.xcassets */ = {isa = PBXFileReference; lastKnownFileType = folder.assetcatalog; path = Assets.xcassets; sourceTree = "<group>"; };
		FCA180F11CF99B6A0087E9F1 /* Base */ = {isa = PBXFileReference; lastKnownFileType = file.storyboard; name = Base; path = Base.lproj/LaunchScreen.storyboard; sourceTree = "<group>"; };
		FCA180F31CF99B6A0087E9F1 /* Info.plist */ = {isa = PBXFileReference; lastKnownFileType = text.plist.xml; path = Info.plist; sourceTree = "<group>"; };
		FCA180F81CF99B6A0087E9F1 /* ChirpTests.xctest */ = {isa = PBXFileReference; explicitFileType = wrapper.cfbundle; includeInIndex = 0; path = ChirpTests.xctest; sourceTree = BUILT_PRODUCTS_DIR; };
		FCA180FC1CF99B6A0087E9F1 /* ChirpTests.swift */ = {isa = PBXFileReference; lastKnownFileType = sourcecode.swift; path = ChirpTests.swift; sourceTree = "<group>"; };
		FCA180FE1CF99B6A0087E9F1 /* Info.plist */ = {isa = PBXFileReference; lastKnownFileType = text.plist.xml; path = Info.plist; sourceTree = "<group>"; };
		FCA181031CF99B6A0087E9F1 /* ChirpUITests.xctest */ = {isa = PBXFileReference; explicitFileType = wrapper.cfbundle; includeInIndex = 0; path = ChirpUITests.xctest; sourceTree = BUILT_PRODUCTS_DIR; };
		FCA181071CF99B6A0087E9F1 /* ChirpUITests.swift */ = {isa = PBXFileReference; lastKnownFileType = sourcecode.swift; path = ChirpUITests.swift; sourceTree = "<group>"; };
		FCA181091CF99B6A0087E9F1 /* Info.plist */ = {isa = PBXFileReference; lastKnownFileType = text.plist.xml; path = Info.plist; sourceTree = "<group>"; };
/* End PBXFileReference section */

/* Begin PBXFrameworksBuildPhase section */
		FCA180E11CF99B6A0087E9F1 /* Frameworks */ = {
			isa = PBXFrameworksBuildPhase;
			buildActionMask = 2147483647;
			files = (
			);
			runOnlyForDeploymentPostprocessing = 0;
		};
		FCA180F51CF99B6A0087E9F1 /* Frameworks */ = {
			isa = PBXFrameworksBuildPhase;
			buildActionMask = 2147483647;
			files = (
			);
			runOnlyForDeploymentPostprocessing = 0;
		};
		FCA181001CF99B6A0087E9F1 /* Frameworks */ = {
			isa = PBXFrameworksBuildPhase;
			buildActionMask = 2147483647;
			files = (
			);
			runOnlyForDeploymentPostprocessing = 0;
		};
/* End PBXFrameworksBuildPhase section */

/* Begin PBXGroup section */
		FCA180DB1CF99B6A0087E9F1 = {
			isa = PBXGroup;
			children = (
				FCA180E61CF99B6A0087E9F1 /* Chirp */,
				FCA180FB1CF99B6A0087E9F1 /* ChirpTests */,
				FCA181061CF99B6A0087E9F1 /* ChirpUITests */,
				FCA180E51CF99B6A0087E9F1 /* Products */,
			);
			sourceTree = "<group>";
		};
		FCA180E51CF99B6A0087E9F1 /* Products */ = {
			isa = PBXGroup;
			children = (
				FCA180E41CF99B6A0087E9F1 /* Chirp.app */,
				FCA180F81CF99B6A0087E9F1 /* ChirpTests.xctest */,
				FCA181031CF99B6A0087E9F1 /* ChirpUITests.xctest */,
			);
			name = Products;
			sourceTree = "<group>";
		};
		FCA180E61CF99B6A0087E9F1 /* Chirp */ = {
			isa = PBXGroup;
			children = (
				FCA180E71CF99B6A0087E9F1 /* AppDelegate.swift */,
				FCA180E91CF99B6A0087E9F1 /* ViewController.swift */,
				FCA180EB1CF99B6A0087E9F1 /* Main.storyboard */,
				FCA180EE1CF99B6A0087E9F1 /* Assets.xcassets */,
				FCA180F01CF99B6A0087E9F1 /* LaunchScreen.storyboard */,
				FCA180F31CF99B6A0087E9F1 /* Info.plist */,
			);
			path = Chirp;
			sourceTree = "<group>";
		};
		FCA180FB1CF99B6A0087E9F1 /* ChirpTests */ = {
			isa = PBXGroup;
			children = (
				FCA180FC1CF99B6A0087E9F1 /* ChirpTests.swift */,
				FCA180FE1CF99B6A0087E9F1 /* Info.plist */,
			);
			path = ChirpTests;
			sourceTree = "<group>";
		};
		FCA181061CF99B6A0087E9F1 /* ChirpUITests */ = {
			isa = PBXGroup;
			children = (
				FCA181071CF99B6A0087E9F1 /* ChirpUITests.swift */,
				FCA181091CF99B6A0087E9F1 /* Info.plist */,
			);
			path = ChirpUITests;
			sourceTree = "<group>";
		};
/* End PBXGroup section */

/* Begin PBXNativeTarget section */
		FCA180E31CF99B6A0087E9F1 /* Chirp */ = {
			isa = PBXNativeTarget;
			buildConfigurationList = FCA1810C1CF99B6A0087E9F1 /* Build configuration list for PBXNativeTarget "Chirp" */;
			buildPhases = (
				FCA180E01CF99B6A0087E9F1 /* Sources */,
				FCA180E11CF99B6A0087E9F1 /* Frameworks */,
				FCA180E21CF99B6A0087E9F1 /* Resources */,
			);
			buildRules = (
			);
			dependencies = (
			);
			name = Chirp;
			productName = Chirp;
			productReference = FCA180E41CF99B6A0087E9F1 /* Chirp.app */;
			productType = "com.apple.product-type.application";
		};
		FCA180F71CF99B6A0087E9F1 /* ChirpTests */ = {
			isa = PBXNativeTarget;
			buildConfigurationList = FCA1810F1CF99B6A0087E9F1 /* Build configuration list for PBXNativeTarget "ChirpTests" */;
			buildPhases = (
				FCA180F41CF99B6A0087E9F1 /* Sources */,
				FCA180F51CF99B6A0087E9F1 /* Frameworks */,
				FCA180F61CF99B6A0087E9F1 /* Resources */,
			);
			buildRules = (
			);
			dependencies = (
				FCA180FA1CF99B6A0087E9F1 /* PBXTargetDependency */,
			);
			name = ChirpTests;
			productName = ChirpTests;
			productReference = FCA180F81CF99B6A0087E9F1 /* ChirpTests.xctest */;
			productType = "com.apple.product-type.bundle.unit-test";
		};
		FCA181021CF99B6A0087E9F1 /* ChirpUITests */ = {
			isa = PBXNativeTarget;
			buildConfigurationList = FCA181121CF99B6A0087E9F1 /* Build configuration list for PBXNativeTarget "ChirpUITests" */;
			buildPhases = (
				FCA180FF1CF99B6A0087E9F1 /* Sources */,
				FCA181001CF99B6A0087E9F1 /* Frameworks */,
				FCA181011CF99B6A0087E9F1 /* Resources */,
			);
			buildRules = (
			);
			dependencies = (
				FCA181051CF99B6A0087E9F1 /* PBXTargetDependency */,
			);
			name = ChirpUITests;
			productName = ChirpUITests;
			productReference = FCA181031CF99B6A0087E9F1 /* ChirpUITests.xctest */;
			productType = "com.apple.product-type.bundle.ui-testing";
		};
/* End PBXNativeTarget section */

/* Begin PBXProject section */
		FCA180DC1CF99B6A0087E9F1 /* Project object */ = {
			isa = PBXProject;
			attributes = {
				LastSwiftUpdateCheck = 0730;
				LastUpgradeCheck = 0730;
				ORGANIZATIONNAME = NsysuDopp;
				TargetAttributes = {
					FCA180E31CF99B6A0087E9F1 = {
						CreatedOnToolsVersion = 7.3.1;
					};
					FCA180F71CF99B6A0087E9F1 = {
						CreatedOnToolsVersion = 7.3.1;
						TestTargetID = FCA180E31CF99B6A0087E9F1;
					};
					FCA181021CF99B6A0087E9F1 = {
						CreatedOnToolsVersion = 7.3.1;
						TestTargetID = FCA180E31CF99B6A0087E9F1;
					};
				};
			};
			buildConfigurationList = FCA180DF1CF99B6A0087E9F1 /* Build configuration list for PBXProject "Chirp" */;
			compatibilityVersion = "Xcode 3.2";
			developmentRegion = English;
			hasScannedForEncodings = 0;
			knownRegions = (
				en,
				Base,
			);
			mainGroup = FCA180DB1CF99B6A0087E9F1;
			productRefGroup = FCA180E51CF99B6A0087E9F1 /* Products */;
			projectDirPath = "";
			projectRoot = "";
			targets = (
				FCA180E31CF99B6A0087E9F1 /* Chirp */,
				FCA180F71CF99B6A0087E9F1 /* ChirpTests */,
				FCA181021CF99B6A0087E9F1 /* ChirpUITests */,
			);
		};
/* End PBXProject section */

/* Begin PBXResourcesBuildPhase section */
		FCA180E21CF99B6A0087E9F1 /* Resources */ = {
			isa = PBXResourcesBuildPhase;
			buildActionMask = 2147483647;
			files = (
				FCA180F21CF99B6A0087E9F1 /* LaunchScreen.storyboard in Resources */,
				FCA180EF1CF99B6A0087E9F1 /* Assets.xcassets in Resources */,
				FCA180ED1CF99B6A0087E9F1 /* Main.storyboard in Resources */,
			);
			runOnlyForDeploymentPostprocessing = 0;
		};
		FCA180F61CF99B6A0087E9F1 /* Resources */ = {
			isa = PBXResourcesBuildPhase;
			buildActionMask = 2147483647;
			files = (
			);
			runOnlyForDeploymentPostprocessing = 0;
		};
		FCA181011CF99B6A0087E9F1 /* Resources */ = {
			isa = PBXResourcesBuildPhase;
			buildActionMask = 2147483647;
			files = (
			);
			runOnlyForDeploymentPostprocessing = 0;
		};
/* End PBXResourcesBuildPhase section */

/* Begin PBXSourcesBuildPhase section */
		FCA180E01CF99B6A0087E9F1 /* Sources */ = {
			isa = PBXSourcesBuildPhase;
			buildActionMask = 2147483647;
			files = (
				FCA180EA1CF99B6A0087E9F1 /* ViewController.swift in Sources */,
				FCA180E81CF99B6A0087E9F1 /* AppDelegate.swift in Sources */,
			);
			runOnlyForDeploymentPostprocessing = 0;
		};
		FCA180F41CF99B6A0087E9F1 /* Sources */ = {
			isa = PBXSourcesBuildPhase;
			buildActionMask = 2147483647;
			files = (
				FCA180FD1CF99B6A0087E9F1 /* ChirpTests.swift in Sources */,
			);
			runOnlyForDeploymentPostprocessing = 0;
		};
		FCA180FF1CF99B6A0087E9F1 /* Sources */ = {
			isa = PBXSourcesBuildPhase;
			buildActionMask = 2147483647;
			files = (
				FCA181081CF99B6A0087E9F1 /* ChirpUITests.swift in Sources */,
			);
			runOnlyForDeploymentPostprocessing = 0;
		};
/* End PBXSourcesBuildPhase section */

/* Begin PBXTargetDependency section */
		FCA180FA1CF99B6A0087E9F1 /* PBXTargetDependency */ = {
			isa = PBXTargetDependency;
			target = FCA180E31CF99B6A0087E9F1 /* Chirp */;
			targetProxy = FCA180F91CF99B6A0087E9F1 /* PBXContainerItemProxy */;
		};
		FCA181051CF99B6A0087E9F1 /* PBXTargetDependency */ = {
			isa = PBXTargetDependency;
			target = FCA180E31CF99B6A0087E9F1 /* Chirp */;
			targetProxy = FCA181041CF99B6A0087E9F1 /* PBXContainerItemProxy */;
		};
/* End PBXTargetDependency section */

/* Begin PBXVariantGroup section */
		FCA180EB1CF99B6A0087E9F1 /* Main.storyboard */ = {
			isa = PBXVariantGroup;
			children = (
				FCA180EC1CF99B6A0087E9F1 /* Base */,
			);
			name = Main.storyboard;
			sourceTree = "<group>";
		};
		FCA180F01CF99B6A0087E9F1 /* LaunchScreen.storyboard */ = {
			isa = PBXVariantGroup;
			children = (
				FCA180F11CF99B6A0087E9F1 /* Base */,
			);
			name = LaunchScreen.storyboard;
			sourceTree = "<group>";
		};
/* End PBXVariantGroup section */

/* Begin XCBuildConfiguration section */
		FCA1810A1CF99B6A0087E9F1 /* Debug */ = {
			isa = XCBuildConfiguration;
			buildSettings = {
				ALWAYS_SEARCH_USER_PATHS = NO;
				CLANG_ANALYZER_NONNULL = YES;
				CLANG_CXX_LANGUAGE_STANDARD = "gnu++0x";
				CLANG_CXX_LIBRARY = "libc++";
				CLANG_ENABLE_MODULES = YES;
				CLANG_ENABLE_OBJC_ARC = YES;
				CLANG_WARN_BOOL_CONVERSION = YES;
				CLANG_WARN_CONSTANT_CONVERSION = YES;
				CLANG_WARN_DIRECT_OBJC_ISA_USAGE = YES_ERROR;
				CLANG_WARN_EMPTY_BODY = YES;
				CLANG_WARN_ENUM_CONVERSION = YES;
				CLANG_WARN_INT_CONVERSION = YES;
				CLANG_WARN_OBJC_ROOT_CLASS = YES_ERROR;
				CLANG_WARN_UNREACHABLE_CODE = YES;
				CLANG_WARN__DUPLICATE_METHOD_MATCH = YES;
				"CODE_SIGN_IDENTITY[sdk=iphoneos*]" = "iPhone Developer";
				COPY_PHASE_STRIP = NO;
				DEBUG_INFORMATION_FORMAT = dwarf;
				ENABLE_STRICT_OBJC_MSGSEND = YES;
				ENABLE_TESTABILITY = YES;
				GCC_C_LANGUAGE_STANDARD = gnu99;
				GCC_DYNAMIC_NO_PIC = NO;
				GCC_NO_COMMON_BLOCKS = YES;
				GCC_OPTIMIZATION_LEVEL = 0;
				GCC_PREPROCESSOR_DEFINITIONS = (
					"DEBUG=1",
					"$(inherited)",
				);
				GCC_WARN_64_TO_32_BIT_CONVERSION = YES;
				GCC_WARN_ABOUT_RETURN_TYPE = YES_ERROR;
				GCC_WARN_UNDECLARED_SELECTOR = YES;
				GCC_WARN_UNINITIALIZED_AUTOS = YES_AGGRESSIVE;
				GCC_WARN_UNUSED_FUNCTION = YES;
				GCC_WARN_UNUSED_VARIABLE = YES;
				IPHONEOS_DEPLOYMENT_TARGET = 9.3;
				MTL_ENABLE_DEBUG_INFO = YES;
				ONLY_ACTIVE_ARCH = YES;
				SDKROOT = iphoneos;
				SWIFT_OPTIMIZATION_LEVEL = "-Onone";
			};
			name = Debug;
		};
		FCA1810B1CF99B6A0087E9F1 /* Release */ = {
			isa = XCBuildConfiguration;
			buildSettings = {
				ALWAYS_SEARCH_USER_PATHS = NO;
				CLANG_ANALYZER_NONNULL = YES;
				CLANG_CXX_LANGUAGE_STANDARD = "gnu++0x";
				CLANG_CXX_LIBRARY = "libc++";
				CLANG_ENABLE_MODULES = YES;
				CLANG_ENABLE_OBJC_ARC = YES;
				CLANG_WARN_BOOL_CONVERSION = YES;
				CLANG_WARN_CONSTANT_CONVERSION = YES;
				CLANG_WARN_DIRECT_OBJC_ISA_USAGE = YES_ERROR;
				CLANG_WARN_EMPTY_BODY = YES;
				CLANG_WARN_ENUM_CONVERSION = YES;
				CLANG_WARN_INT_CONVERSION = YES;
				CLANG_WARN_OBJC_ROOT_CLASS = YES_ERROR;
				CLANG_WARN_UNREACHABLE_CODE = YES;
				CLANG_WARN__DUPLICATE_METHOD_MATCH = YES;
				"CODE_SIGN_IDENTITY[sdk=iphoneos*]" = "iPhone Developer";
				COPY_PHASE_STRIP = NO;
				DEBUG_INFORMATION_FORMAT = "dwarf-with-dsym";
				ENABLE_NS_ASSERTIONS = NO;
				ENABLE_STRICT_OBJC_MSGSEND = YES;
				GCC_C_LANGUAGE_STANDARD = gnu99;
				GCC_NO_COMMON_BLOCKS = YES;
				GCC_WARN_64_TO_32_BIT_CONVERSION = YES;
				GCC_WARN_ABOUT_RETURN_TYPE = YES_ERROR;
				GCC_WARN_UNDECLARED_SELECTOR = YES;
				GCC_WARN_UNINITIALIZED_AUTOS = YES_AGGRESSIVE;
				GCC_WARN_UNUSED_FUNCTION = YES;
				GCC_WARN_UNUSED_VARIABLE = YES;
				IPHONEOS_DEPLOYMENT_TARGET = 9.3;
				MTL_ENABLE_DEBUG_INFO = NO;
				SDKROOT = iphoneos;
				VALIDATE_PRODUCT = YES;
			};
			name = Release;
		};
		FCA1810D1CF99B6A0087E9F1 /* Debug */ = {
			isa = XCBuildConfiguration;
			buildSettings = {
				ASSETCATALOG_COMPILER_APPICON_NAME = AppIcon;
				INFOPLIST_FILE = Chirp/Info.plist;
				LD_RUNPATH_SEARCH_PATHS = "$(inherited) @executable_path/Frameworks";
				PRODUCT_BUNDLE_IDENTIFIER = com.NsysuDop.Chirp;
				PRODUCT_NAME = "$(TARGET_NAME)";
			};
			name = Debug;
		};
		FCA1810E1CF99B6A0087E9F1 /* Release */ = {
			isa = XCBuildConfiguration;
			buildSettings = {
				ASSETCATALOG_COMPILER_APPICON_NAME = AppIcon;
				INFOPLIST_FILE = Chirp/Info.plist;
				LD_RUNPATH_SEARCH_PATHS = "$(inherited) @executable_path/Frameworks";
				PRODUCT_BUNDLE_IDENTIFIER = com.NsysuDop.Chirp;
				PRODUCT_NAME = "$(TARGET_NAME)";
			};
			name = Release;
		};
		FCA181101CF99B6A0087E9F1 /* Debug */ = {
			isa = XCBuildConfiguration;
			buildSettings = {
				BUNDLE_LOADER = "$(TEST_HOST)";
				INFOPLIST_FILE = ChirpTests/Info.plist;
				LD_RUNPATH_SEARCH_PATHS = "$(inherited) @executable_path/Frameworks @loader_path/Frameworks";
				PRODUCT_BUNDLE_IDENTIFIER = com.NsysuDop.ChirpTests;
				PRODUCT_NAME = "$(TARGET_NAME)";
				TEST_HOST = "$(BUILT_PRODUCTS_DIR)/Chirp.app/Chirp";
			};
			name = Debug;
		};
		FCA181111CF99B6A0087E9F1 /* Release */ = {
			isa = XCBuildConfiguration;
			buildSettings = {
				BUNDLE_LOADER = "$(TEST_HOST)";
				INFOPLIST_FILE = ChirpTests/Info.plist;
				LD_RUNPATH_SEARCH_PATHS = "$(inherited) @executable_path/Frameworks @loader_path/Frameworks";
				PRODUCT_BUNDLE_IDENTIFIER = com.NsysuDop.ChirpTests;
				PRODUCT_NAME = "$(TARGET_NAME)";
				TEST_HOST = "$(BUILT_PRODUCTS_DIR)/Chirp.app/Chirp";
			};
			name = Release;
		};
		FCA181131CF99B6A0087E9F1 /* Debug */ = {
			isa = XCBuildConfiguration;
			buildSettings = {
				INFOPLIST_FILE = ChirpUITests/Info.plist;
				LD_RUNPATH_SEARCH_PATHS = "$(inherited) @executable_path/Frameworks @loader_path/Frameworks";
				PRODUCT_BUNDLE_IDENTIFIER = com.NsysuDop.ChirpUITests;
				PRODUCT_NAME = "$(TARGET_NAME)";
				TEST_TARGET_NAME = Chirp;
			};
			name = Debug;
		};
		FCA181141CF99B6A0087E9F1 /* Release */ = {
			isa = XCBuildConfiguration;
			buildSettings = {
				INFOPLIST_FILE = ChirpUITests/Info.plist;
				LD_RUNPATH_SEARCH_PATHS = "$(inherited) @executable_path/Frameworks @loader_path/Frameworks";
				PRODUCT_BUNDLE_IDENTIFIER = com.NsysuDop.ChirpUITests;
				PRODUCT_NAME = "$(TARGET_NAME)";
				TEST_TARGET_NAME = Chirp;
			};
			name = Release;
		};
/* End XCBuildConfiguration section */

/* Begin XCConfigurationList section */
		FCA180DF1CF99B6A0087E9F1 /* Build configuration list for PBXProject "Chirp" */ = {
			isa = XCConfigurationList;
			buildConfigurations = (
				FCA1810A1CF99B6A0087E9F1 /* Debug */,
				FCA1810B1CF99B6A0087E9F1 /* Release */,
			);
			defaultConfigurationIsVisible = 0;
			defaultConfigurationName = Release;
		};
		FCA1810C1CF99B6A0087E9F1 /* Build configuration list for PBXNativeTarget "Chirp" */ = {
			isa = XCConfigurationList;
			buildConfigurations = (
				FCA1810D1CF99B6A0087E9F1 /* Debug */,
				FCA1810E1CF99B6A0087E9F1 /* Release */,
			);
			defaultConfigurationIsVisible = 0;
		};
		FCA1810F1CF99B6A0087E9F1 /* Build configuration list for PBXNativeTarget "ChirpTests" */ = {
			isa = XCConfigurationList;
			buildConfigurations = (
				FCA181101CF99B6A0087E9F1 /* Debug */,
				FCA181111CF99B6A0087E9F1 /* Release */,
			);
			defaultConfigurationIsVisible = 0;
		};
		FCA181121CF99B6A0087E9F1 /* Build configuration list for PBXNativeTarget "ChirpUITests" */ = {
			isa = XCConfigurationList;
			buildConfigurations = (
				FCA181131CF99B6A0087E9F1 /* Debug */,
				FCA181141CF99B6A0087E9F1 /* Release */,
			);
			defaultConfigurationIsVisible = 0;
		};
/* End XCConfigurationList section */
	};
	rootObject = FCA180DC1CF99B6A0087E9F1 /* Project object */;
}
