// !$*UTF8*$!
{
	archiveVersion = 1;
	classes = {
	};
	objectVersion = 46;
	objects = {

/* Begin PBXBuildFile section */
		FC192E9B1CFA169D00CF7315 /* air.jpg in Resources */ = {isa = PBXBuildFile; fileRef = FC192E9A1CFA169D00CF7315 /* air.jpg */; };
		FC192E9D1CFA1AF100CF7315 /* autumn.png in Resources */ = {isa = PBXBuildFile; fileRef = FC192E9C1CFA1AF100CF7315 /* autumn.png */; };
		FC7BE8541CFC4D1300034F5C /* icon80.png in Resources */ = {isa = PBXBuildFile; fileRef = FC7BE8531CFC4D1300034F5C /* icon80.png */; };
		FC7BE8571CFC510B00034F5C /* Login.storyboard in Resources */ = {isa = PBXBuildFile; fileRef = FC7BE8561CFC510B00034F5C /* Login.storyboard */; };
		FC7BE8591CFC527600034F5C /* WelcomeViewController.swift in Sources */ = {isa = PBXBuildFile; fileRef = FC7BE8581CFC527600034F5C /* WelcomeViewController.swift */; };
		FC7BE85D1CFC61D600034F5C /* login_back2.jpg in Resources */ = {isa = PBXBuildFile; fileRef = FC7BE85C1CFC61D600034F5C /* login_back2.jpg */; };
		FCA180E81CF99B6A0087E9F1 /* AppDelegate.swift in Sources */ = {isa = PBXBuildFile; fileRef = FCA180E71CF99B6A0087E9F1 /* AppDelegate.swift */; };
		FCA180EA1CF99B6A0087E9F1 /* ViewController.swift in Sources */ = {isa = PBXBuildFile; fileRef = FCA180E91CF99B6A0087E9F1 /* ViewController.swift */; };
		FCA180EF1CF99B6A0087E9F1 /* Assets.xcassets in Resources */ = {isa = PBXBuildFile; fileRef = FCA180EE1CF99B6A0087E9F1 /* Assets.xcassets */; };
		FCA180FD1CF99B6A0087E9F1 /* ChirpTests.swift in Sources */ = {isa = PBXBuildFile; fileRef = FCA180FC1CF99B6A0087E9F1 /* ChirpTests.swift */; };
		FCA181081CF99B6A0087E9F1 /* ChirpUITests.swift in Sources */ = {isa = PBXBuildFile; fileRef = FCA181071CF99B6A0087E9F1 /* ChirpUITests.swift */; };
		FCA181191CF9AD510087E9F1 /* SlideMenuController.swift in Sources */ = {isa = PBXBuildFile; fileRef = FCA181181CF9AD510087E9F1 /* SlideMenuController.swift */; };
		FCA181261CF9D25A0087E9F1 /* CreateViewController.swift in Sources */ = {isa = PBXBuildFile; fileRef = FCA181251CF9D25A0087E9F1 /* CreateViewController.swift */; };
		FCA1812A1CF9D5130087E9F1 /* Main.storyboard in Resources */ = {isa = PBXBuildFile; fileRef = FCA181291CF9D5130087E9F1 /* Main.storyboard */; };
		FCA181321CF9DB160087E9F1 /* Localizable.strings in Resources */ = {isa = PBXBuildFile; fileRef = FCA181341CF9DB160087E9F1 /* Localizable.strings */; };
		FCA181371CF9E0090087E9F1 /* Localize.swift in Sources */ = {isa = PBXBuildFile; fileRef = FCA181361CF9E0090087E9F1 /* Localize.swift */; };
		FCA181391CF9E65A0087E9F1 /* SlideViewController.swift in Sources */ = {isa = PBXBuildFile; fileRef = FCA181381CF9E65A0087E9F1 /* SlideViewController.swift */; };
		FCA1813C1CFA0B5E0087E9F1 /* bars.png in Resources */ = {isa = PBXBuildFile; fileRef = FCA1813B1CFA0B5E0087E9F1 /* bars.png */; };
		FCCA10DC1CFB1AB1004F42E1 /* SlideOption.swift in Sources */ = {isa = PBXBuildFile; fileRef = FCCA10DB1CFB1AB1004F42E1 /* SlideOption.swift */; };
		FCCA10E01CFB200F004F42E1 /* SlideOptionTable.swift in Sources */ = {isa = PBXBuildFile; fileRef = FCCA10DF1CFB200F004F42E1 /* SlideOptionTable.swift */; };
		FCE764D21CFC103F002F362D /* add.png in Resources */ = {isa = PBXBuildFile; fileRef = FCE764D11CFC103F002F362D /* add.png */; };
		FCE764D41CFC1154002F362D /* note.png in Resources */ = {isa = PBXBuildFile; fileRef = FCE764D31CFC1154002F362D /* note.png */; };
		FCE764D61CFC11A2002F362D /* chat.png in Resources */ = {isa = PBXBuildFile; fileRef = FCE764D51CFC11A2002F362D /* chat.png */; };
		FCE764DA1CFC133C002F362D /* badge.png in Resources */ = {isa = PBXBuildFile; fileRef = FCE764D91CFC133C002F362D /* badge.png */; };
/* End PBXBuildFile section */

/* Begin PBXContainerItemProxy section */
		FCA180F91CF99B6A0087E9F1 /* PBXContainerItemProxy */ = {
			isa = PBXContainerItemProxy;
			containerPortal = FCA180DC1CF99B6A0087E9F1 /* Project object */;
			proxyType = 1;
			remoteGlobalIDString = FCA180E31CF99B6A0087E9F1;
			remoteInfo = Chirp;
		};
		FCA181041CF99B6A0087E9F1 /* PBXContainerItemProxy */ = {
			isa = PBXContainerItemProxy;
			containerPortal = FCA180DC1CF99B6A0087E9F1 /* Project object */;
			proxyType = 1;
			remoteGlobalIDString = FCA180E31CF99B6A0087E9F1;
			remoteInfo = Chirp;
		};
/* End PBXContainerItemProxy section */

/* Begin PBXFileReference section */
		FC192E9A1CFA169D00CF7315 /* air.jpg */ = {isa = PBXFileReference; lastKnownFileType = image.jpeg; path = air.jpg; sourceTree = "<group>"; };
		FC192E9C1CFA1AF100CF7315 /* autumn.png */ = {isa = PBXFileReference; lastKnownFileType = image.png; path = autumn.png; sourceTree = "<group>"; };
		FC7BE8531CFC4D1300034F5C /* icon80.png */ = {isa = PBXFileReference; lastKnownFileType = image.png; path = icon80.png; sourceTree = "<group>"; };
		FC7BE8561CFC510B00034F5C /* Login.storyboard */ = {isa = PBXFileReference; fileEncoding = 4; lastKnownFileType = file.storyboard; path = Login.storyboard; sourceTree = "<group>"; };
		FC7BE8581CFC527600034F5C /* WelcomeViewController.swift */ = {isa = PBXFileReference; fileEncoding = 4; lastKnownFileType = sourcecode.swift; path = WelcomeViewController.swift; sourceTree = "<group>"; };
		FC7BE85C1CFC61D600034F5C /* login_back2.jpg */ = {isa = PBXFileReference; lastKnownFileType = image.jpeg; path = login_back2.jpg; sourceTree = "<group>"; };
		FCA180E41CF99B6A0087E9F1 /* Chirp.app */ = {isa = PBXFileReference; explicitFileType = wrapper.application; includeInIndex = 0; path = Chirp.app; sourceTree = BUILT_PRODUCTS_DIR; };
		FCA180E71CF99B6A0087E9F1 /* AppDelegate.swift */ = {isa = PBXFileReference; lastKnownFileType = sourcecode.swift; path = AppDelegate.swift; sourceTree = "<group>"; };
		FCA180E91CF99B6A0087E9F1 /* ViewController.swift */ = {isa = PBXFileReference; lastKnownFileType = sourcecode.swift; path = ViewController.swift; sourceTree = "<group>"; };
		FCA180EE1CF99B6A0087E9F1 /* Assets.xcassets */ = {isa = PBXFileReference; lastKnownFileType = folder.assetcatalog; path = Assets.xcassets; sourceTree = "<group>"; };
		FCA180F31CF99B6A0087E9F1 /* Info.plist */ = {isa = PBXFileReference; lastKnownFileType = text.plist.xml; path = Info.plist; sourceTree = "<group>"; };
		FCA180F81CF99B6A0087E9F1 /* ChirpTests.xctest */ = {isa = PBXFileReference; explicitFileType = wrapper.cfbundle; includeInIndex = 0; path = ChirpTests.xctest; sourceTree = BUILT_PRODUCTS_DIR; };
		FCA180FC1CF99B6A0087E9F1 /* ChirpTests.swift */ = {isa = PBXFileReference; lastKnownFileType = sourcecode.swift; path = ChirpTests.swift; sourceTree = "<group>"; };
		FCA180FE1CF99B6A0087E9F1 /* Info.plist */ = {isa = PBXFileReference; lastKnownFileType = text.plist.xml; path = Info.plist; sourceTree = "<group>"; };
		FCA181031CF99B6A0087E9F1 /* ChirpUITests.xctest */ = {isa = PBXFileReference; explicitFileType = wrapper.cfbundle; includeInIndex = 0; path = ChirpUITests.xctest; sourceTree = BUILT_PRODUCTS_DIR; };
		FCA181071CF99B6A0087E9F1 /* ChirpUITests.swift */ = {isa = PBXFileReference; lastKnownFileType = sourcecode.swift; path = ChirpUITests.swift; sourceTree = "<group>"; };
		FCA181091CF99B6A0087E9F1 /* Info.plist */ = {isa = PBXFileReference; lastKnownFileType = text.plist.xml; path = Info.plist; sourceTree = "<group>"; };
		FCA181181CF9AD510087E9F1 /* SlideMenuController.swift */ = {isa = PBXFileReference; fileEncoding = 4; lastKnownFileType = sourcecode.swift; path = SlideMenuController.swift; sourceTree = "<group>"; };
		FCA181251CF9D25A0087E9F1 /* CreateViewController.swift */ = {isa = PBXFileReference; fileEncoding = 4; lastKnownFileType = sourcecode.swift; path = CreateViewController.swift; sourceTree = "<group>"; };
		FCA181291CF9D5130087E9F1 /* Main.storyboard */ = {isa = PBXFileReference; fileEncoding = 4; lastKnownFileType = file.storyboard; name = Main.storyboard; path = ../Main.storyboard; sourceTree = "<group>"; };
		FCA181331CF9DB160087E9F1 /* en */ = {isa = PBXFileReference; lastKnownFileType = text.plist.strings; name = en; path = en.lproj/Localizable.strings; sourceTree = "<group>"; };
		FCA181351CF9DB170087E9F1 /* zh-Hant */ = {isa = PBXFileReference; lastKnownFileType = text.plist.strings; name = "zh-Hant"; path = "zh-Hant.lproj/Localizable.strings"; sourceTree = "<group>"; };
		FCA181361CF9E0090087E9F1 /* Localize.swift */ = {isa = PBXFileReference; fileEncoding = 4; lastKnownFileType = sourcecode.swift; path = Localize.swift; sourceTree = "<group>"; };
		FCA181381CF9E65A0087E9F1 /* SlideViewController.swift */ = {isa = PBXFileReference; fileEncoding = 4; lastKnownFileType = sourcecode.swift; path = SlideViewController.swift; sourceTree = "<group>"; };
		FCA1813B1CFA0B5E0087E9F1 /* bars.png */ = {isa = PBXFileReference; lastKnownFileType = image.png; path = bars.png; sourceTree = "<group>"; };
		FCCA10DB1CFB1AB1004F42E1 /* SlideOption.swift */ = {isa = PBXFileReference; fileEncoding = 4; lastKnownFileType = sourcecode.swift; path = SlideOption.swift; sourceTree = "<group>"; };
		FCCA10DF1CFB200F004F42E1 /* SlideOptionTable.swift */ = {isa = PBXFileReference; fileEncoding = 4; lastKnownFileType = sourcecode.swift; name = SlideOptionTable.swift; path = ../SlideOptionTable.swift; sourceTree = "<group>"; };
		FCE764D11CFC103F002F362D /* add.png */ = {isa = PBXFileReference; lastKnownFileType = image.png; path = add.png; sourceTree = "<group>"; };
		FCE764D31CFC1154002F362D /* note.png */ = {isa = PBXFileReference; lastKnownFileType = image.png; path = note.png; sourceTree = "<group>"; };
		FCE764D51CFC11A2002F362D /* chat.png */ = {isa = PBXFileReference; lastKnownFileType = image.png; path = chat.png; sourceTree = "<group>"; };
		FCE764D91CFC133C002F362D /* badge.png */ = {isa = PBXFileReference; lastKnownFileType = image.png; path = badge.png; sourceTree = "<group>"; };
/* End PBXFileReference section */

/* Begin PBXFrameworksBuildPhase section */
		FCA180E11CF99B6A0087E9F1 /* Frameworks */ = {
			isa = PBXFrameworksBuildPhase;
			buildActionMask = 2147483647;
			files = (
			);
			runOnlyForDeploymentPostprocessing = 0;
		};
		FCA180F51CF99B6A0087E9F1 /* Frameworks */ = {
			isa = PBXFrameworksBuildPhase;
			buildActionMask = 2147483647;
			files = (
			);
			runOnlyForDeploymentPostprocessing = 0;
		};
		FCA181001CF99B6A0087E9F1 /* Frameworks */ = {
			isa = PBXFrameworksBuildPhase;
			buildActionMask = 2147483647;
			files = (
			);
			runOnlyForDeploymentPostprocessing = 0;
		};
/* End PBXFrameworksBuildPhase section */

/* Begin PBXGroup section */
		FC7BE8551CFC50EC00034F5C /* Story */ = {
			isa = PBXGroup;
			children = (
				FCA181291CF9D5130087E9F1 /* Main.storyboard */,
				FC7BE8561CFC510B00034F5C /* Login.storyboard */,
			);
			name = Story;
			sourceTree = "<group>";
		};
		FCA180DB1CF99B6A0087E9F1 = {
			isa = PBXGroup;
			children = (
				FCA180E61CF99B6A0087E9F1 /* Chirp */,
				FCA180FB1CF99B6A0087E9F1 /* ChirpTests */,
				FCA181061CF99B6A0087E9F1 /* ChirpUITests */,
				FCA180E51CF99B6A0087E9F1 /* Products */,
			);
			sourceTree = "<group>";
		};
		FCA180E51CF99B6A0087E9F1 /* Products */ = {
			isa = PBXGroup;
			children = (
				FCA180E41CF99B6A0087E9F1 /* Chirp.app */,
				FCA180F81CF99B6A0087E9F1 /* ChirpTests.xctest */,
				FCA181031CF99B6A0087E9F1 /* ChirpUITests.xctest */,
			);
			name = Products;
			sourceTree = "<group>";
		};
		FCA180E61CF99B6A0087E9F1 /* Chirp */ = {
			isa = PBXGroup;
			children = (
				FC7BE8551CFC50EC00034F5C /* Story */,
				FCCA10DA1CFB1A9D004F42E1 /* Struct */,
				FCA1813A1CFA0B440087E9F1 /* Image */,
				FCA181241CF9D2280087E9F1 /* ViewController */,
				FCA1811D1CF9D0060087E9F1 /* Resource */,
				FCA181151CF9A5280087E9F1 /* Support Files */,
				FCA180E71CF99B6A0087E9F1 /* AppDelegate.swift */,
				FCA180EE1CF99B6A0087E9F1 /* Assets.xcassets */,
				FCA180F31CF99B6A0087E9F1 /* Info.plist */,
			);
			path = Chirp;
			sourceTree = "<group>";
		};
		FCA180FB1CF99B6A0087E9F1 /* ChirpTests */ = {
			isa = PBXGroup;
			children = (
				FCA180FC1CF99B6A0087E9F1 /* ChirpTests.swift */,
				FCA180FE1CF99B6A0087E9F1 /* Info.plist */,
			);
			path = ChirpTests;
			sourceTree = "<group>";
		};
		FCA181061CF99B6A0087E9F1 /* ChirpUITests */ = {
			isa = PBXGroup;
			children = (
				FCA181071CF99B6A0087E9F1 /* ChirpUITests.swift */,
				FCA181091CF99B6A0087E9F1 /* Info.plist */,
			);
			path = ChirpUITests;
			sourceTree = "<group>";
		};
		FCA181151CF9A5280087E9F1 /* Support Files */ = {
			isa = PBXGroup;
			children = (
				FCA181361CF9E0090087E9F1 /* Localize.swift */,
				FCA181181CF9AD510087E9F1 /* SlideMenuController.swift */,
			);
			name = "Support Files";
			sourceTree = "<group>";
		};
		FCA1811D1CF9D0060087E9F1 /* Resource */ = {
			isa = PBXGroup;
			children = (
				FCA181341CF9DB160087E9F1 /* Localizable.strings */,
			);
			name = Resource;
			sourceTree = "<group>";
		};
		FCA181241CF9D2280087E9F1 /* ViewController */ = {
			isa = PBXGroup;
			children = (
				FCCA10DF1CFB200F004F42E1 /* SlideOptionTable.swift */,
				FCA180E91CF99B6A0087E9F1 /* ViewController.swift */,
				FCA181251CF9D25A0087E9F1 /* CreateViewController.swift */,
				FCA181381CF9E65A0087E9F1 /* SlideViewController.swift */,
				FC7BE8581CFC527600034F5C /* WelcomeViewController.swift */,
			);
			name = ViewController;
			sourceTree = "<group>";
		};
		FCA1813A1CFA0B440087E9F1 /* Image */ = {
			isa = PBXGroup;
			children = (
				FCE764D51CFC11A2002F362D /* chat.png */,
				FC7BE8531CFC4D1300034F5C /* icon80.png */,
				FC7BE85C1CFC61D600034F5C /* login_back2.jpg */,
				FCE764D11CFC103F002F362D /* add.png */,
				FCE764D91CFC133C002F362D /* badge.png */,
				FC192E9A1CFA169D00CF7315 /* air.jpg */,
				FCE764D31CFC1154002F362D /* note.png */,
				FC192E9C1CFA1AF100CF7315 /* autumn.png */,
				FCA1813B1CFA0B5E0087E9F1 /* bars.png */,
			);
			name = Image;
			sourceTree = "<group>";
		};
		FCCA10DA1CFB1A9D004F42E1 /* Struct */ = {
			isa = PBXGroup;
			children = (
				FCCA10DB1CFB1AB1004F42E1 /* SlideOption.swift */,
			);
			name = Struct;
			sourceTree = "<group>";
		};
/* End PBXGroup section */

/* Begin PBXNativeTarget section */
		FCA180E31CF99B6A0087E9F1 /* Chirp */ = {
			isa = PBXNativeTarget;
			buildConfigurationList = FCA1810C1CF99B6A0087E9F1 /* Build configuration list for PBXNativeTarget "Chirp" */;
			buildPhases = (
				FCA180E01CF99B6A0087E9F1 /* Sources */,
				FCA180E11CF99B6A0087E9F1 /* Frameworks */,
				FCA180E21CF99B6A0087E9F1 /* Resources */,
			);
			buildRules = (
			);
			dependencies = (
			);
			name = Chirp;
			productName = Chirp;
			productReference = FCA180E41CF99B6A0087E9F1 /* Chirp.app */;
			productType = "com.apple.product-type.application";
		};
		FCA180F71CF99B6A0087E9F1 /* ChirpTests */ = {
			isa = PBXNativeTarget;
			buildConfigurationList = FCA1810F1CF99B6A0087E9F1 /* Build configuration list for PBXNativeTarget "ChirpTests" */;
			buildPhases = (
				FCA180F41CF99B6A0087E9F1 /* Sources */,
				FCA180F51CF99B6A0087E9F1 /* Frameworks */,
				FCA180F61CF99B6A0087E9F1 /* Resources */,
			);
			buildRules = (
			);
			dependencies = (
				FCA180FA1CF99B6A0087E9F1 /* PBXTargetDependency */,
			);
			name = ChirpTests;
			productName = ChirpTests;
			productReference = FCA180F81CF99B6A0087E9F1 /* ChirpTests.xctest */;
			productType = "com.apple.product-type.bundle.unit-test";
		};
		FCA181021CF99B6A0087E9F1 /* ChirpUITests */ = {
			isa = PBXNativeTarget;
			buildConfigurationList = FCA181121CF99B6A0087E9F1 /* Build configuration list for PBXNativeTarget "ChirpUITests" */;
			buildPhases = (
				FCA180FF1CF99B6A0087E9F1 /* Sources */,
				FCA181001CF99B6A0087E9F1 /* Frameworks */,
				FCA181011CF99B6A0087E9F1 /* Resources */,
			);
			buildRules = (
			);
			dependencies = (
				FCA181051CF99B6A0087E9F1 /* PBXTargetDependency */,
			);
			name = ChirpUITests;
			productName = ChirpUITests;
			productReference = FCA181031CF99B6A0087E9F1 /* ChirpUITests.xctest */;
			productType = "com.apple.product-type.bundle.ui-testing";
		};
/* End PBXNativeTarget section */

/* Begin PBXProject section */
		FCA180DC1CF99B6A0087E9F1 /* Project object */ = {
			isa = PBXProject;
			attributes = {
				LastSwiftUpdateCheck = 0730;
				LastUpgradeCheck = 0730;
				ORGANIZATIONNAME = NsysuDopp;
				TargetAttributes = {
					FCA180E31CF99B6A0087E9F1 = {
						CreatedOnToolsVersion = 7.3.1;
						DevelopmentTeam = KVU655BPT6;
					};
					FCA180F71CF99B6A0087E9F1 = {
						CreatedOnToolsVersion = 7.3.1;
						TestTargetID = FCA180E31CF99B6A0087E9F1;
					};
					FCA181021CF99B6A0087E9F1 = {
						CreatedOnToolsVersion = 7.3.1;
						TestTargetID = FCA180E31CF99B6A0087E9F1;
					};
				};
			};
			buildConfigurationList = FCA180DF1CF99B6A0087E9F1 /* Build configuration list for PBXProject "Chirp" */;
			compatibilityVersion = "Xcode 3.2";
			developmentRegion = English;
			hasScannedForEncodings = 0;
			knownRegions = (
				en,
				"zh-Hant",
			);
			mainGroup = FCA180DB1CF99B6A0087E9F1;
			productRefGroup = FCA180E51CF99B6A0087E9F1 /* Products */;
			projectDirPath = "";
			projectRoot = "";
			targets = (
				FCA180E31CF99B6A0087E9F1 /* Chirp */,
				FCA180F71CF99B6A0087E9F1 /* ChirpTests */,
				FCA181021CF99B6A0087E9F1 /* ChirpUITests */,
			);
		};
/* End PBXProject section */

/* Begin PBXResourcesBuildPhase section */
		FCA180E21CF99B6A0087E9F1 /* Resources */ = {
			isa = PBXResourcesBuildPhase;
			buildActionMask = 2147483647;
			files = (
				FC7BE85D1CFC61D600034F5C /* login_back2.jpg in Resources */,
				FC7BE8541CFC4D1300034F5C /* icon80.png in Resources */,
				FCE764D41CFC1154002F362D /* note.png in Resources */,
				FCE764D61CFC11A2002F362D /* chat.png in Resources */,
				FCA1812A1CF9D5130087E9F1 /* Main.storyboard in Resources */,
				FCE764D21CFC103F002F362D /* add.png in Resources */,
				FC192E9D1CFA1AF100CF7315 /* autumn.png in Resources */,
				FCA181321CF9DB160087E9F1 /* Localizable.strings in Resources */,
				FCA180EF1CF99B6A0087E9F1 /* Assets.xcassets in Resources */,
				FC7BE8571CFC510B00034F5C /* Login.storyboard in Resources */,
				FCE764DA1CFC133C002F362D /* badge.png in Resources */,
				FCA1813C1CFA0B5E0087E9F1 /* bars.png in Resources */,
				FC192E9B1CFA169D00CF7315 /* air.jpg in Resources */,
			);
			runOnlyForDeploymentPostprocessing = 0;
		};
		FCA180F61CF99B6A0087E9F1 /* Resources */ = {
			isa = PBXResourcesBuildPhase;
			buildActionMask = 2147483647;
			files = (
			);
			runOnlyForDeploymentPostprocessing = 0;
		};
		FCA181011CF99B6A0087E9F1 /* Resources */ = {
			isa = PBXResourcesBuildPhase;
			buildActionMask = 2147483647;
			files = (
			);
			runOnlyForDeploymentPostprocessing = 0;
		};
/* End PBXResourcesBuildPhase section */

/* Begin PBXSourcesBuildPhase section */
		FCA180E01CF99B6A0087E9F1 /* Sources */ = {
			isa = PBXSourcesBuildPhase;
			buildActionMask = 2147483647;
			files = (
				FC7BE8591CFC527600034F5C /* WelcomeViewController.swift in Sources */,
				FCA180EA1CF99B6A0087E9F1 /* ViewController.swift in Sources */,
				FCA181191CF9AD510087E9F1 /* SlideMenuController.swift in Sources */,
				FCA181391CF9E65A0087E9F1 /* SlideViewController.swift in Sources */,
				FCCA10E01CFB200F004F42E1 /* SlideOptionTable.swift in Sources */,
				FCCA10DC1CFB1AB1004F42E1 /* SlideOption.swift in Sources */,
				FCA181371CF9E0090087E9F1 /* Localize.swift in Sources */,
				FCA180E81CF99B6A0087E9F1 /* AppDelegate.swift in Sources */,
				FCA181261CF9D25A0087E9F1 /* CreateViewController.swift in Sources */,
			);
			runOnlyForDeploymentPostprocessing = 0;
		};
		FCA180F41CF99B6A0087E9F1 /* Sources */ = {
			isa = PBXSourcesBuildPhase;
			buildActionMask = 2147483647;
			files = (
				FCA180FD1CF99B6A0087E9F1 /* ChirpTests.swift in Sources */,
			);
			runOnlyForDeploymentPostprocessing = 0;
		};
		FCA180FF1CF99B6A0087E9F1 /* Sources */ = {
			isa = PBXSourcesBuildPhase;
			buildActionMask = 2147483647;
			files = (
				FCA181081CF99B6A0087E9F1 /* ChirpUITests.swift in Sources */,
			);
			runOnlyForDeploymentPostprocessing = 0;
		};
/* End PBXSourcesBuildPhase section */

/* Begin PBXTargetDependency section */
		FCA180FA1CF99B6A0087E9F1 /* PBXTargetDependency */ = {
			isa = PBXTargetDependency;
			target = FCA180E31CF99B6A0087E9F1 /* Chirp */;
			targetProxy = FCA180F91CF99B6A0087E9F1 /* PBXContainerItemProxy */;
		};
		FCA181051CF99B6A0087E9F1 /* PBXTargetDependency */ = {
			isa = PBXTargetDependency;
			target = FCA180E31CF99B6A0087E9F1 /* Chirp */;
			targetProxy = FCA181041CF99B6A0087E9F1 /* PBXContainerItemProxy */;
		};
/* End PBXTargetDependency section */

/* Begin PBXVariantGroup section */
		FCA181341CF9DB160087E9F1 /* Localizable.strings */ = {
			isa = PBXVariantGroup;
			children = (
				FCA181331CF9DB160087E9F1 /* en */,
				FCA181351CF9DB170087E9F1 /* zh-Hant */,
			);
			name = Localizable.strings;
			sourceTree = "<group>";
		};
/* End PBXVariantGroup section */

/* Begin XCBuildConfiguration section */
		FCA1810A1CF99B6A0087E9F1 /* Debug */ = {
			isa = XCBuildConfiguration;
			buildSettings = {
				ALWAYS_SEARCH_USER_PATHS = NO;
				CLANG_ANALYZER_NONNULL = YES;
				CLANG_CXX_LANGUAGE_STANDARD = "gnu++0x";
				CLANG_CXX_LIBRARY = "libc++";
				CLANG_ENABLE_MODULES = YES;
				CLANG_ENABLE_OBJC_ARC = YES;
				CLANG_WARN_BOOL_CONVERSION = YES;
				CLANG_WARN_CONSTANT_CONVERSION = YES;
				CLANG_WARN_DIRECT_OBJC_ISA_USAGE = YES_ERROR;
				CLANG_WARN_EMPTY_BODY = YES;
				CLANG_WARN_ENUM_CONVERSION = YES;
				CLANG_WARN_INT_CONVERSION = YES;
				CLANG_WARN_OBJC_ROOT_CLASS = YES_ERROR;
				CLANG_WARN_UNREACHABLE_CODE = YES;
				CLANG_WARN__DUPLICATE_METHOD_MATCH = YES;
				"CODE_SIGN_IDENTITY[sdk=iphoneos*]" = "iPhone Developer";
				COPY_PHASE_STRIP = NO;
				DEBUG_INFORMATION_FORMAT = dwarf;
				ENABLE_STRICT_OBJC_MSGSEND = YES;
				ENABLE_TESTABILITY = YES;
				GCC_C_LANGUAGE_STANDARD = gnu99;
				GCC_DYNAMIC_NO_PIC = NO;
				GCC_NO_COMMON_BLOCKS = YES;
				GCC_OPTIMIZATION_LEVEL = 0;
				GCC_PREPROCESSOR_DEFINITIONS = (
					"DEBUG=1",
					"$(inherited)",
				);
				GCC_WARN_64_TO_32_BIT_CONVERSION = YES;
				GCC_WARN_ABOUT_RETURN_TYPE = YES_ERROR;
				GCC_WARN_UNDECLARED_SELECTOR = YES;
				GCC_WARN_UNINITIALIZED_AUTOS = YES_AGGRESSIVE;
				GCC_WARN_UNUSED_FUNCTION = YES;
				GCC_WARN_UNUSED_VARIABLE = YES;
				IPHONEOS_DEPLOYMENT_TARGET = 9.2;
				MTL_ENABLE_DEBUG_INFO = YES;
				ONLY_ACTIVE_ARCH = YES;
				SDKROOT = iphoneos;
				SWIFT_OPTIMIZATION_LEVEL = "-Onone";
			};
			name = Debug;
		};
		FCA1810B1CF99B6A0087E9F1 /* Release */ = {
			isa = XCBuildConfiguration;
			buildSettings = {
				ALWAYS_SEARCH_USER_PATHS = NO;
				CLANG_ANALYZER_NONNULL = YES;
				CLANG_CXX_LANGUAGE_STANDARD = "gnu++0x";
				CLANG_CXX_LIBRARY = "libc++";
				CLANG_ENABLE_MODULES = YES;
				CLANG_ENABLE_OBJC_ARC = YES;
				CLANG_WARN_BOOL_CONVERSION = YES;
				CLANG_WARN_CONSTANT_CONVERSION = YES;
				CLANG_WARN_DIRECT_OBJC_ISA_USAGE = YES_ERROR;
				CLANG_WARN_EMPTY_BODY = YES;
				CLANG_WARN_ENUM_CONVERSION = YES;
				CLANG_WARN_INT_CONVERSION = YES;
				CLANG_WARN_OBJC_ROOT_CLASS = YES_ERROR;
				CLANG_WARN_UNREACHABLE_CODE = YES;
				CLANG_WARN__DUPLICATE_METHOD_MATCH = YES;
				"CODE_SIGN_IDENTITY[sdk=iphoneos*]" = "iPhone Developer";
				COPY_PHASE_STRIP = NO;
				DEBUG_INFORMATION_FORMAT = "dwarf-with-dsym";
				ENABLE_NS_ASSERTIONS = NO;
				ENABLE_STRICT_OBJC_MSGSEND = YES;
				GCC_C_LANGUAGE_STANDARD = gnu99;
				GCC_NO_COMMON_BLOCKS = YES;
				GCC_WARN_64_TO_32_BIT_CONVERSION = YES;
				GCC_WARN_ABOUT_RETURN_TYPE = YES_ERROR;
				GCC_WARN_UNDECLARED_SELECTOR = YES;
				GCC_WARN_UNINITIALIZED_AUTOS = YES_AGGRESSIVE;
				GCC_WARN_UNUSED_FUNCTION = YES;
				GCC_WARN_UNUSED_VARIABLE = YES;
				IPHONEOS_DEPLOYMENT_TARGET = 9.2;
				MTL_ENABLE_DEBUG_INFO = NO;
				SDKROOT = iphoneos;
				VALIDATE_PRODUCT = YES;
			};
			name = Release;
		};
		FCA1810D1CF99B6A0087E9F1 /* Debug */ = {
			isa = XCBuildConfiguration;
			buildSettings = {
				ASSETCATALOG_COMPILER_APPICON_NAME = AppIcon;
				CODE_SIGN_IDENTITY = "iPhone Developer";
				"CODE_SIGN_IDENTITY[sdk=iphoneos*]" = "iPhone Developer";
				INFOPLIST_FILE = Chirp/Info.plist;
				LD_RUNPATH_SEARCH_PATHS = "$(inherited) @executable_path/Frameworks";
				PRODUCT_BUNDLE_IDENTIFIER = com.NsysuDop.Chirp;
				PRODUCT_NAME = "$(TARGET_NAME)";
				PROVISIONING_PROFILE = "";
				TARGETED_DEVICE_FAMILY = "1,2";
			};
			name = Debug;
		};
		FCA1810E1CF99B6A0087E9F1 /* Release */ = {
			isa = XCBuildConfiguration;
			buildSettings = {
				ASSETCATALOG_COMPILER_APPICON_NAME = AppIcon;
				CODE_SIGN_IDENTITY = "iPhone Developer";
				"CODE_SIGN_IDENTITY[sdk=iphoneos*]" = "iPhone Developer";
				INFOPLIST_FILE = Chirp/Info.plist;
				LD_RUNPATH_SEARCH_PATHS = "$(inherited) @executable_path/Frameworks";
				PRODUCT_BUNDLE_IDENTIFIER = com.NsysuDop.Chirp;
				PRODUCT_NAME = "$(TARGET_NAME)";
				PROVISIONING_PROFILE = "";
				TARGETED_DEVICE_FAMILY = "1,2";
			};
			name = Release;
		};
		FCA181101CF99B6A0087E9F1 /* Debug */ = {
			isa = XCBuildConfiguration;
			buildSettings = {
				BUNDLE_LOADER = "$(TEST_HOST)";
				INFOPLIST_FILE = ChirpTests/Info.plist;
				LD_RUNPATH_SEARCH_PATHS = "$(inherited) @executable_path/Frameworks @loader_path/Frameworks";
				PRODUCT_BUNDLE_IDENTIFIER = com.NsysuDop.ChirpTests;
				PRODUCT_NAME = "$(TARGET_NAME)";
				TEST_HOST = "$(BUILT_PRODUCTS_DIR)/Chirp.app/Chirp";
			};
			name = Debug;
		};
		FCA181111CF99B6A0087E9F1 /* Release */ = {
			isa = XCBuildConfiguration;
			buildSettings = {
				BUNDLE_LOADER = "$(TEST_HOST)";
				INFOPLIST_FILE = ChirpTests/Info.plist;
				LD_RUNPATH_SEARCH_PATHS = "$(inherited) @executable_path/Frameworks @loader_path/Frameworks";
				PRODUCT_BUNDLE_IDENTIFIER = com.NsysuDop.ChirpTests;
				PRODUCT_NAME = "$(TARGET_NAME)";
				TEST_HOST = "$(BUILT_PRODUCTS_DIR)/Chirp.app/Chirp";
			};
			name = Release;
		};
		FCA181131CF99B6A0087E9F1 /* Debug */ = {
			isa = XCBuildConfiguration;
			buildSettings = {
				INFOPLIST_FILE = ChirpUITests/Info.plist;
				LD_RUNPATH_SEARCH_PATHS = "$(inherited) @executable_path/Frameworks @loader_path/Frameworks";
				PRODUCT_BUNDLE_IDENTIFIER = com.NsysuDop.ChirpUITests;
				PRODUCT_NAME = "$(TARGET_NAME)";
				TEST_TARGET_NAME = Chirp;
			};
			name = Debug;
		};
		FCA181141CF99B6A0087E9F1 /* Release */ = {
			isa = XCBuildConfiguration;
			buildSettings = {
				INFOPLIST_FILE = ChirpUITests/Info.plist;
				LD_RUNPATH_SEARCH_PATHS = "$(inherited) @executable_path/Frameworks @loader_path/Frameworks";
				PRODUCT_BUNDLE_IDENTIFIER = com.NsysuDop.ChirpUITests;
				PRODUCT_NAME = "$(TARGET_NAME)";
				TEST_TARGET_NAME = Chirp;
			};
			name = Release;
		};
/* End XCBuildConfiguration section */

/* Begin XCConfigurationList section */
		FCA180DF1CF99B6A0087E9F1 /* Build configuration list for PBXProject "Chirp" */ = {
			isa = XCConfigurationList;
			buildConfigurations = (
				FCA1810A1CF99B6A0087E9F1 /* Debug */,
				FCA1810B1CF99B6A0087E9F1 /* Release */,
			);
			defaultConfigurationIsVisible = 0;
			defaultConfigurationName = Release;
		};
		FCA1810C1CF99B6A0087E9F1 /* Build configuration list for PBXNativeTarget "Chirp" */ = {
			isa = XCConfigurationList;
			buildConfigurations = (
				FCA1810D1CF99B6A0087E9F1 /* Debug */,
				FCA1810E1CF99B6A0087E9F1 /* Release */,
			);
			defaultConfigurationIsVisible = 0;
			defaultConfigurationName = Release;
		};
		FCA1810F1CF99B6A0087E9F1 /* Build configuration list for PBXNativeTarget "ChirpTests" */ = {
			isa = XCConfigurationList;
			buildConfigurations = (
				FCA181101CF99B6A0087E9F1 /* Debug */,
				FCA181111CF99B6A0087E9F1 /* Release */,
			);
			defaultConfigurationIsVisible = 0;
			defaultConfigurationName = Release;
		};
		FCA181121CF99B6A0087E9F1 /* Build configuration list for PBXNativeTarget "ChirpUITests" */ = {
			isa = XCConfigurationList;
			buildConfigurations = (
				FCA181131CF99B6A0087E9F1 /* Debug */,
				FCA181141CF99B6A0087E9F1 /* Release */,
			);
			defaultConfigurationIsVisible = 0;
			defaultConfigurationName = Release;
		};
/* End XCConfigurationList section */
	};
	rootObject = FCA180DC1CF99B6A0087E9F1 /* Project object */;
}
