// !$*UTF8*$!
{
	archiveVersion = 1;
	classes = {
	};
	objectVersion = 46;
	objects = {

/* Begin PBXBuildFile section */
		4F5845DB881E8D54AAB180DF /* libPods-Chirp.a in Frameworks */ = {isa = PBXBuildFile; fileRef = 7E5778007608011AEA299F07 /* libPods-Chirp.a */; };
		FC0C8CC21D08383500A77C55 /* Material.framework in Frameworks */ = {isa = PBXBuildFile; fileRef = FC0C8CBB1D08382100A77C55 /* Material.framework */; };
		FC0C8CC31D08383500A77C55 /* Material.framework in CopyFiles */ = {isa = PBXBuildFile; fileRef = FC0C8CBB1D08382100A77C55 /* Material.framework */; settings = {ATTRIBUTES = (CodeSignOnCopy, RemoveHeadersOnCopy, ); }; };
		FC192E9B1CFA169D00CF7315 /* air.jpg in Resources */ = {isa = PBXBuildFile; fileRef = FC192E9A1CFA169D00CF7315 /* air.jpg */; };
		FC192E9D1CFA1AF100CF7315 /* autumn.png in Resources */ = {isa = PBXBuildFile; fileRef = FC192E9C1CFA1AF100CF7315 /* autumn.png */; };
		FC69BA0B1CFF32E8007B3EBE /* Server.swift in Sources */ = {isa = PBXBuildFile; fileRef = FC69BA0A1CFF32E8007B3EBE /* Server.swift */; };
		FC69BA271CFF47D6007B3EBE /* Alamofire.framework in Frameworks */ = {isa = PBXBuildFile; fileRef = FC69BA171CFF46F6007B3EBE /* Alamofire.framework */; };
		FC69BA281CFF480C007B3EBE /* Alamofire.framework in CopyFiles */ = {isa = PBXBuildFile; fileRef = FC69BA171CFF46F6007B3EBE /* Alamofire.framework */; settings = {ATTRIBUTES = (CodeSignOnCopy, RemoveHeadersOnCopy, ); }; };
		FC7BE8541CFC4D1300034F5C /* icon80.png in Resources */ = {isa = PBXBuildFile; fileRef = FC7BE8531CFC4D1300034F5C /* icon80.png */; };
		FC7BE8571CFC510B00034F5C /* Login.storyboard in Resources */ = {isa = PBXBuildFile; fileRef = FC7BE8561CFC510B00034F5C /* Login.storyboard */; };
		FC7BE8591CFC527600034F5C /* WelcomeViewController.swift in Sources */ = {isa = PBXBuildFile; fileRef = FC7BE8581CFC527600034F5C /* WelcomeViewController.swift */; };
		FC7BE85D1CFC61D600034F5C /* login_back2.jpg in Resources */ = {isa = PBXBuildFile; fileRef = FC7BE85C1CFC61D600034F5C /* login_back2.jpg */; };
		FC7E880F1CFC6DB0005DB2FE /* FBSDKCoreKit.framework in Frameworks */ = {isa = PBXBuildFile; fileRef = FC7E880D1CFC6DB0005DB2FE /* FBSDKCoreKit.framework */; };
		FC7E88101CFC6DB0005DB2FE /* FBSDKLoginKit.framework in Frameworks */ = {isa = PBXBuildFile; fileRef = FC7E880E1CFC6DB0005DB2FE /* FBSDKLoginKit.framework */; };
		FC7E88151CFC8AF9005DB2FE /* ErrorHandle.swift in Sources */ = {isa = PBXBuildFile; fileRef = FC7E88141CFC8AF9005DB2FE /* ErrorHandle.swift */; };
		FC7E88171CFC8FE1005DB2FE /* Config.swift in Sources */ = {isa = PBXBuildFile; fileRef = FC7E88161CFC8FE1005DB2FE /* Config.swift */; };
		FC7E88191CFC9397005DB2FE /* SwiftyJSON.swift in Sources */ = {isa = PBXBuildFile; fileRef = FC7E88181CFC9397005DB2FE /* SwiftyJSON.swift */; };
		FCA180E81CF99B6A0087E9F1 /* AppDelegate.swift in Sources */ = {isa = PBXBuildFile; fileRef = FCA180E71CF99B6A0087E9F1 /* AppDelegate.swift */; };
		FCA180EA1CF99B6A0087E9F1 /* ViewController.swift in Sources */ = {isa = PBXBuildFile; fileRef = FCA180E91CF99B6A0087E9F1 /* ViewController.swift */; };
		FCA180EF1CF99B6A0087E9F1 /* Assets.xcassets in Resources */ = {isa = PBXBuildFile; fileRef = FCA180EE1CF99B6A0087E9F1 /* Assets.xcassets */; };
		FCA180FD1CF99B6A0087E9F1 /* ChirpTests.swift in Sources */ = {isa = PBXBuildFile; fileRef = FCA180FC1CF99B6A0087E9F1 /* ChirpTests.swift */; };
		FCA181081CF99B6A0087E9F1 /* ChirpUITests.swift in Sources */ = {isa = PBXBuildFile; fileRef = FCA181071CF99B6A0087E9F1 /* ChirpUITests.swift */; };
		FCA181191CF9AD510087E9F1 /* SlideMenuController.swift in Sources */ = {isa = PBXBuildFile; fileRef = FCA181181CF9AD510087E9F1 /* SlideMenuController.swift */; };
		FCA181261CF9D25A0087E9F1 /* CreateViewController.swift in Sources */ = {isa = PBXBuildFile; fileRef = FCA181251CF9D25A0087E9F1 /* CreateViewController.swift */; };
		FCA1812A1CF9D5130087E9F1 /* Main.storyboard in Resources */ = {isa = PBXBuildFile; fileRef = FCA181291CF9D5130087E9F1 /* Main.storyboard */; };
		FCA181321CF9DB160087E9F1 /* Localizable.strings in Resources */ = {isa = PBXBuildFile; fileRef = FCA181341CF9DB160087E9F1 /* Localizable.strings */; };
		FCA181371CF9E0090087E9F1 /* Localize.swift in Sources */ = {isa = PBXBuildFile; fileRef = FCA181361CF9E0090087E9F1 /* Localize.swift */; };
		FCA181391CF9E65A0087E9F1 /* SlideViewController.swift in Sources */ = {isa = PBXBuildFile; fileRef = FCA181381CF9E65A0087E9F1 /* SlideViewController.swift */; };
		FCA1813C1CFA0B5E0087E9F1 /* bars.png in Resources */ = {isa = PBXBuildFile; fileRef = FCA1813B1CFA0B5E0087E9F1 /* bars.png */; };
		FCCA10DC1CFB1AB1004F42E1 /* SlideOption.swift in Sources */ = {isa = PBXBuildFile; fileRef = FCCA10DB1CFB1AB1004F42E1 /* SlideOption.swift */; };
		FCCA10E01CFB200F004F42E1 /* SlideOptionTable.swift in Sources */ = {isa = PBXBuildFile; fileRef = FCCA10DF1CFB200F004F42E1 /* SlideOptionTable.swift */; };
		FCE764D21CFC103F002F362D /* add.png in Resources */ = {isa = PBXBuildFile; fileRef = FCE764D11CFC103F002F362D /* add.png */; };
		FCE764D41CFC1154002F362D /* note.png in Resources */ = {isa = PBXBuildFile; fileRef = FCE764D31CFC1154002F362D /* note.png */; };
		FCE764D61CFC11A2002F362D /* chat.png in Resources */ = {isa = PBXBuildFile; fileRef = FCE764D51CFC11A2002F362D /* chat.png */; };
		FCE764DA1CFC133C002F362D /* badge.png in Resources */ = {isa = PBXBuildFile; fileRef = FCE764D91CFC133C002F362D /* badge.png */; };
/* End PBXBuildFile section */

/* Begin PBXContainerItemProxy section */
		FC0C8CBA1D08382100A77C55 /* PBXContainerItemProxy */ = {
			isa = PBXContainerItemProxy;
			containerPortal = FC0C8CAD1D08382100A77C55 /* Material.xcodeproj */;
			proxyType = 2;
			remoteGlobalIDString = 963832361B88DFD80015F710;
			remoteInfo = "Material iOS";
		};
		FC0C8CBC1D08382100A77C55 /* PBXContainerItemProxy */ = {
			isa = PBXContainerItemProxy;
			containerPortal = FC0C8CAD1D08382100A77C55 /* Material.xcodeproj */;
			proxyType = 2;
			remoteGlobalIDString = 966016131CB2ED6C00AAB661;
			remoteInfo = "Material OSX";
		};
		FC0C8CBE1D08382100A77C55 /* PBXContainerItemProxy */ = {
			isa = PBXContainerItemProxy;
			containerPortal = FC0C8CAD1D08382100A77C55 /* Material.xcodeproj */;
			proxyType = 2;
			remoteGlobalIDString = 963832411B88DFD80015F710;
			remoteInfo = "Material iOS Tests";
		};
		FC0C8CC01D08382100A77C55 /* PBXContainerItemProxy */ = {
			isa = PBXContainerItemProxy;
			containerPortal = FC0C8CAD1D08382100A77C55 /* Material.xcodeproj */;
			proxyType = 2;
			remoteGlobalIDString = 9660161C1CB2ED6C00AAB661;
			remoteInfo = "Material OSX Tests";
		};
		FC0C8CC41D08383500A77C55 /* PBXContainerItemProxy */ = {
			isa = PBXContainerItemProxy;
			containerPortal = FC0C8CAD1D08382100A77C55 /* Material.xcodeproj */;
			proxyType = 1;
			remoteGlobalIDString = 963832351B88DFD80015F710;
			remoteInfo = "Material iOS";
		};
		FC69BA161CFF46F6007B3EBE /* PBXContainerItemProxy */ = {
			isa = PBXContainerItemProxy;
			containerPortal = FC69BA0C1CFF46F6007B3EBE /* Alamofire.xcodeproj */;
			proxyType = 2;
			remoteGlobalIDString = F8111E3319A95C8B0040E7D1;
			remoteInfo = "Alamofire iOS";
		};
		FC69BA181CFF46F6007B3EBE /* PBXContainerItemProxy */ = {
			isa = PBXContainerItemProxy;
			containerPortal = FC69BA0C1CFF46F6007B3EBE /* Alamofire.xcodeproj */;
			proxyType = 2;
			remoteGlobalIDString = F8111E3E19A95C8B0040E7D1;
			remoteInfo = "Alamofire iOS Tests";
		};
		FC69BA1A1CFF46F6007B3EBE /* PBXContainerItemProxy */ = {
			isa = PBXContainerItemProxy;
			containerPortal = FC69BA0C1CFF46F6007B3EBE /* Alamofire.xcodeproj */;
			proxyType = 2;
			remoteGlobalIDString = 4DD67C0B1A5C55C900ED2280;
			remoteInfo = "Alamofire OSX";
		};
		FC69BA1C1CFF46F6007B3EBE /* PBXContainerItemProxy */ = {
			isa = PBXContainerItemProxy;
			containerPortal = FC69BA0C1CFF46F6007B3EBE /* Alamofire.xcodeproj */;
			proxyType = 2;
			remoteGlobalIDString = F829C6B21A7A94F100A2CD59;
			remoteInfo = "Alamofire OSX Tests";
		};
		FC69BA1E1CFF46F6007B3EBE /* PBXContainerItemProxy */ = {
			isa = PBXContainerItemProxy;
			containerPortal = FC69BA0C1CFF46F6007B3EBE /* Alamofire.xcodeproj */;
			proxyType = 2;
			remoteGlobalIDString = 4CF626EF1BA7CB3E0011A099;
			remoteInfo = "Alamofire tvOS";
		};
		FC69BA201CFF46F6007B3EBE /* PBXContainerItemProxy */ = {
			isa = PBXContainerItemProxy;
			containerPortal = FC69BA0C1CFF46F6007B3EBE /* Alamofire.xcodeproj */;
			proxyType = 2;
			remoteGlobalIDString = 4CF626F81BA7CB3E0011A099;
			remoteInfo = "Alamofire tvOS Tests";
		};
		FC69BA221CFF46F6007B3EBE /* PBXContainerItemProxy */ = {
			isa = PBXContainerItemProxy;
			containerPortal = FC69BA0C1CFF46F6007B3EBE /* Alamofire.xcodeproj */;
			proxyType = 2;
			remoteGlobalIDString = E4202FE01B667AA100C997FB;
			remoteInfo = "Alamofire watchOS";
		};
		FC69BA241CFF4749007B3EBE /* PBXContainerItemProxy */ = {
			isa = PBXContainerItemProxy;
			containerPortal = FC69BA0C1CFF46F6007B3EBE /* Alamofire.xcodeproj */;
			proxyType = 1;
			remoteGlobalIDString = F8111E3219A95C8B0040E7D1;
			remoteInfo = "Alamofire iOS";
		};
		FCA180F91CF99B6A0087E9F1 /* PBXContainerItemProxy */ = {
			isa = PBXContainerItemProxy;
			containerPortal = FCA180DC1CF99B6A0087E9F1 /* Project object */;
			proxyType = 1;
			remoteGlobalIDString = FCA180E31CF99B6A0087E9F1;
			remoteInfo = Chirp;
		};
		FCA181041CF99B6A0087E9F1 /* PBXContainerItemProxy */ = {
			isa = PBXContainerItemProxy;
			containerPortal = FCA180DC1CF99B6A0087E9F1 /* Project object */;
			proxyType = 1;
			remoteGlobalIDString = FCA180E31CF99B6A0087E9F1;
			remoteInfo = Chirp;
		};
/* End PBXContainerItemProxy section */

/* Begin PBXCopyFilesBuildPhase section */
		FC69BA261CFF475C007B3EBE /* CopyFiles */ = {
			isa = PBXCopyFilesBuildPhase;
			buildActionMask = 2147483647;
			dstPath = "";
			dstSubfolderSpec = 10;
			files = (
				FC69BA281CFF480C007B3EBE /* Alamofire.framework in CopyFiles */,
				FC0C8CC31D08383500A77C55 /* Material.framework in CopyFiles */,
			);
			runOnlyForDeploymentPostprocessing = 0;
		};
/* End PBXCopyFilesBuildPhase section */

/* Begin PBXFileReference section */
		18DF748953818780ED51E751 /* Pods-Chirp.release.xcconfig */ = {isa = PBXFileReference; includeInIndex = 1; lastKnownFileType = text.xcconfig; name = "Pods-Chirp.release.xcconfig"; path = "Pods/Target Support Files/Pods-Chirp/Pods-Chirp.release.xcconfig"; sourceTree = "<group>"; };
		7E5778007608011AEA299F07 /* libPods-Chirp.a */ = {isa = PBXFileReference; explicitFileType = archive.ar; includeInIndex = 0; path = "libPods-Chirp.a"; sourceTree = BUILT_PRODUCTS_DIR; };
		E07F89A8E4AE7D16C38E47D3 /* Pods-Chirp.debug.xcconfig */ = {isa = PBXFileReference; includeInIndex = 1; lastKnownFileType = text.xcconfig; name = "Pods-Chirp.debug.xcconfig"; path = "Pods/Target Support Files/Pods-Chirp/Pods-Chirp.debug.xcconfig"; sourceTree = "<group>"; };
		FC0C8CAD1D08382100A77C55 /* Material.xcodeproj */ = {isa = PBXFileReference; lastKnownFileType = "wrapper.pb-project"; name = Material.xcodeproj; path = "Material-master/Material.xcodeproj"; sourceTree = "<group>"; };
		FC192E9A1CFA169D00CF7315 /* air.jpg */ = {isa = PBXFileReference; lastKnownFileType = image.jpeg; path = air.jpg; sourceTree = "<group>"; };
		FC192E9C1CFA1AF100CF7315 /* autumn.png */ = {isa = PBXFileReference; lastKnownFileType = image.png; path = autumn.png; sourceTree = "<group>"; };
		FC69BA0A1CFF32E8007B3EBE /* Server.swift */ = {isa = PBXFileReference; fileEncoding = 4; lastKnownFileType = sourcecode.swift; path = Server.swift; sourceTree = "<group>"; };
		FC69BA0C1CFF46F6007B3EBE /* Alamofire.xcodeproj */ = {isa = PBXFileReference; lastKnownFileType = "wrapper.pb-project"; name = Alamofire.xcodeproj; path = Alamofire/Alamofire.xcodeproj; sourceTree = "<group>"; };
		FC7BE8531CFC4D1300034F5C /* icon80.png */ = {isa = PBXFileReference; lastKnownFileType = image.png; path = icon80.png; sourceTree = "<group>"; };
		FC7BE8561CFC510B00034F5C /* Login.storyboard */ = {isa = PBXFileReference; fileEncoding = 4; lastKnownFileType = file.storyboard; path = Login.storyboard; sourceTree = "<group>"; };
		FC7BE8581CFC527600034F5C /* WelcomeViewController.swift */ = {isa = PBXFileReference; fileEncoding = 4; lastKnownFileType = sourcecode.swift; path = WelcomeViewController.swift; sourceTree = "<group>"; };
		FC7BE85C1CFC61D600034F5C /* login_back2.jpg */ = {isa = PBXFileReference; lastKnownFileType = image.jpeg; path = login_back2.jpg; sourceTree = "<group>"; };
		FC7E880D1CFC6DB0005DB2FE /* FBSDKCoreKit.framework */ = {isa = PBXFileReference; lastKnownFileType = wrapper.framework; path = FBSDKCoreKit.framework; sourceTree = "<group>"; };
		FC7E880E1CFC6DB0005DB2FE /* FBSDKLoginKit.framework */ = {isa = PBXFileReference; lastKnownFileType = wrapper.framework; path = FBSDKLoginKit.framework; sourceTree = "<group>"; };
		FC7E88111CFC6EF9005DB2FE /* Chirp-Bridging-Header.h */ = {isa = PBXFileReference; lastKnownFileType = sourcecode.c.h; path = "Chirp-Bridging-Header.h"; sourceTree = "<group>"; };
		FC7E88141CFC8AF9005DB2FE /* ErrorHandle.swift */ = {isa = PBXFileReference; fileEncoding = 4; lastKnownFileType = sourcecode.swift; path = ErrorHandle.swift; sourceTree = "<group>"; };
		FC7E88161CFC8FE1005DB2FE /* Config.swift */ = {isa = PBXFileReference; fileEncoding = 4; lastKnownFileType = sourcecode.swift; path = Config.swift; sourceTree = "<group>"; };
		FC7E88181CFC9397005DB2FE /* SwiftyJSON.swift */ = {isa = PBXFileReference; fileEncoding = 4; lastKnownFileType = sourcecode.swift; path = SwiftyJSON.swift; sourceTree = "<group>"; };
		FCA180E41CF99B6A0087E9F1 /* Chirp.app */ = {isa = PBXFileReference; explicitFileType = wrapper.application; includeInIndex = 0; path = Chirp.app; sourceTree = BUILT_PRODUCTS_DIR; };
		FCA180E71CF99B6A0087E9F1 /* AppDelegate.swift */ = {isa = PBXFileReference; lastKnownFileType = sourcecode.swift; path = AppDelegate.swift; sourceTree = "<group>"; };
		FCA180E91CF99B6A0087E9F1 /* ViewController.swift */ = {isa = PBXFileReference; lastKnownFileType = sourcecode.swift; path = ViewController.swift; sourceTree = "<group>"; };
		FCA180EE1CF99B6A0087E9F1 /* Assets.xcassets */ = {isa = PBXFileReference; lastKnownFileType = folder.assetcatalog; path = Assets.xcassets; sourceTree = "<group>"; };
		FCA180F31CF99B6A0087E9F1 /* Info.plist */ = {isa = PBXFileReference; lastKnownFileType = text.plist.xml; path = Info.plist; sourceTree = "<group>"; };
		FCA180F81CF99B6A0087E9F1 /* ChirpTests.xctest */ = {isa = PBXFileReference; explicitFileType = wrapper.cfbundle; includeInIndex = 0; path = ChirpTests.xctest; sourceTree = BUILT_PRODUCTS_DIR; };
		FCA180FC1CF99B6A0087E9F1 /* ChirpTests.swift */ = {isa = PBXFileReference; lastKnownFileType = sourcecode.swift; path = ChirpTests.swift; sourceTree = "<group>"; };
		FCA180FE1CF99B6A0087E9F1 /* Info.plist */ = {isa = PBXFileReference; lastKnownFileType = text.plist.xml; path = Info.plist; sourceTree = "<group>"; };
		FCA181031CF99B6A0087E9F1 /* ChirpUITests.xctest */ = {isa = PBXFileReference; explicitFileType = wrapper.cfbundle; includeInIndex = 0; path = ChirpUITests.xctest; sourceTree = BUILT_PRODUCTS_DIR; };
		FCA181071CF99B6A0087E9F1 /* ChirpUITests.swift */ = {isa = PBXFileReference; lastKnownFileType = sourcecode.swift; path = ChirpUITests.swift; sourceTree = "<group>"; };
		FCA181091CF99B6A0087E9F1 /* Info.plist */ = {isa = PBXFileReference; lastKnownFileType = text.plist.xml; path = Info.plist; sourceTree = "<group>"; };
		FCA181181CF9AD510087E9F1 /* SlideMenuController.swift */ = {isa = PBXFileReference; fileEncoding = 4; lastKnownFileType = sourcecode.swift; path = SlideMenuController.swift; sourceTree = "<group>"; };
		FCA181251CF9D25A0087E9F1 /* CreateViewController.swift */ = {isa = PBXFileReference; fileEncoding = 4; lastKnownFileType = sourcecode.swift; path = CreateViewController.swift; sourceTree = "<group>"; };
		FCA181291CF9D5130087E9F1 /* Main.storyboard */ = {isa = PBXFileReference; fileEncoding = 4; lastKnownFileType = file.storyboard; name = Main.storyboard; path = ../Main.storyboard; sourceTree = "<group>"; };
		FCA181331CF9DB160087E9F1 /* en */ = {isa = PBXFileReference; lastKnownFileType = text.plist.strings; name = en; path = en.lproj/Localizable.strings; sourceTree = "<group>"; };
		FCA181351CF9DB170087E9F1 /* zh-Hant */ = {isa = PBXFileReference; lastKnownFileType = text.plist.strings; name = "zh-Hant"; path = "zh-Hant.lproj/Localizable.strings"; sourceTree = "<group>"; };
		FCA181361CF9E0090087E9F1 /* Localize.swift */ = {isa = PBXFileReference; fileEncoding = 4; lastKnownFileType = sourcecode.swift; path = Localize.swift; sourceTree = "<group>"; };
		FCA181381CF9E65A0087E9F1 /* SlideViewController.swift */ = {isa = PBXFileReference; fileEncoding = 4; lastKnownFileType = sourcecode.swift; path = SlideViewController.swift; sourceTree = "<group>"; };
		FCA1813B1CFA0B5E0087E9F1 /* bars.png */ = {isa = PBXFileReference; lastKnownFileType = image.png; path = bars.png; sourceTree = "<group>"; };
		FCCA10DB1CFB1AB1004F42E1 /* SlideOption.swift */ = {isa = PBXFileReference; fileEncoding = 4; lastKnownFileType = sourcecode.swift; path = SlideOption.swift; sourceTree = "<group>"; };
		FCCA10DF1CFB200F004F42E1 /* SlideOptionTable.swift */ = {isa = PBXFileReference; fileEncoding = 4; lastKnownFileType = sourcecode.swift; name = SlideOptionTable.swift; path = ../SlideOptionTable.swift; sourceTree = "<group>"; };
		FCE764D11CFC103F002F362D /* add.png */ = {isa = PBXFileReference; lastKnownFileType = image.png; path = add.png; sourceTree = "<group>"; };
		FCE764D31CFC1154002F362D /* note.png */ = {isa = PBXFileReference; lastKnownFileType = image.png; path = note.png; sourceTree = "<group>"; };
		FCE764D51CFC11A2002F362D /* chat.png */ = {isa = PBXFileReference; lastKnownFileType = image.png; path = chat.png; sourceTree = "<group>"; };
		FCE764D91CFC133C002F362D /* badge.png */ = {isa = PBXFileReference; lastKnownFileType = image.png; path = badge.png; sourceTree = "<group>"; };
/* End PBXFileReference section */

/* Begin PBXFrameworksBuildPhase section */
		FCA180E11CF99B6A0087E9F1 /* Frameworks */ = {
			isa = PBXFrameworksBuildPhase;
			buildActionMask = 2147483647;
			files = (
				FC69BA271CFF47D6007B3EBE /* Alamofire.framework in Frameworks */,
				FC0C8CC21D08383500A77C55 /* Material.framework in Frameworks */,
				FC7E88101CFC6DB0005DB2FE /* FBSDKLoginKit.framework in Frameworks */,
				FC7E880F1CFC6DB0005DB2FE /* FBSDKCoreKit.framework in Frameworks */,
				4F5845DB881E8D54AAB180DF /* libPods-Chirp.a in Frameworks */,
			);
			runOnlyForDeploymentPostprocessing = 0;
		};
		FCA180F51CF99B6A0087E9F1 /* Frameworks */ = {
			isa = PBXFrameworksBuildPhase;
			buildActionMask = 2147483647;
			files = (
			);
			runOnlyForDeploymentPostprocessing = 0;
		};
		FCA181001CF99B6A0087E9F1 /* Frameworks */ = {
			isa = PBXFrameworksBuildPhase;
			buildActionMask = 2147483647;
			files = (
			);
			runOnlyForDeploymentPostprocessing = 0;
		};
/* End PBXFrameworksBuildPhase section */

/* Begin PBXGroup section */
		C46A07ABA089FD23D04C1AD0 /* Pods */ = {
			isa = PBXGroup;
			children = (
				E07F89A8E4AE7D16C38E47D3 /* Pods-Chirp.debug.xcconfig */,
				18DF748953818780ED51E751 /* Pods-Chirp.release.xcconfig */,
			);
			name = Pods;
			sourceTree = "<group>";
		};
		CC7C4F0986F6765C9D0D8A1B /* Frameworks */ = {
			isa = PBXGroup;
			children = (
				7E5778007608011AEA299F07 /* libPods-Chirp.a */,
			);
			name = Frameworks;
			sourceTree = "<group>";
		};
		FC0C8CAE1D08382100A77C55 /* Products */ = {
			isa = PBXGroup;
			children = (
				FC0C8CBB1D08382100A77C55 /* Material.framework */,
				FC0C8CBD1D08382100A77C55 /* Material.framework */,
				FC0C8CBF1D08382100A77C55 /* Material.xctest */,
				FC0C8CC11D08382100A77C55 /* Material OSX Tests.xctest */,
			);
			name = Products;
			sourceTree = "<group>";
		};
		FC69BA0D1CFF46F6007B3EBE /* Products */ = {
			isa = PBXGroup;
			children = (
				FC69BA171CFF46F6007B3EBE /* Alamofire.framework */,
				FC69BA191CFF46F6007B3EBE /* Alamofire iOS Tests.xctest */,
				FC69BA1B1CFF46F6007B3EBE /* Alamofire.framework */,
				FC69BA1D1CFF46F6007B3EBE /* Alamofire OSX Tests.xctest */,
				FC69BA1F1CFF46F6007B3EBE /* Alamofire.framework */,
				FC69BA211CFF46F6007B3EBE /* Alamofire tvOS Tests.xctest */,
				FC69BA231CFF46F6007B3EBE /* Alamofire.framework */,
			);
			name = Products;
			sourceTree = "<group>";
		};
		FC7BE8551CFC50EC00034F5C /* Story */ = {
			isa = PBXGroup;
			children = (
				FCA181291CF9D5130087E9F1 /* Main.storyboard */,
				FC7BE8561CFC510B00034F5C /* Login.storyboard */,
			);
			name = Story;
			sourceTree = "<group>";
		};
		FCA180DB1CF99B6A0087E9F1 = {
			isa = PBXGroup;
			children = (
				FC0C8CAD1D08382100A77C55 /* Material.xcodeproj */,
				FC69BA0C1CFF46F6007B3EBE /* Alamofire.xcodeproj */,
				FCA180E61CF99B6A0087E9F1 /* Chirp */,
				FCA180FB1CF99B6A0087E9F1 /* ChirpTests */,
				FCA181061CF99B6A0087E9F1 /* ChirpUITests */,
				FCA180E51CF99B6A0087E9F1 /* Products */,
				C46A07ABA089FD23D04C1AD0 /* Pods */,
				CC7C4F0986F6765C9D0D8A1B /* Frameworks */,
			);
			sourceTree = "<group>";
		};
		FCA180E51CF99B6A0087E9F1 /* Products */ = {
			isa = PBXGroup;
			children = (
				FCA180E41CF99B6A0087E9F1 /* Chirp.app */,
				FCA180F81CF99B6A0087E9F1 /* ChirpTests.xctest */,
				FCA181031CF99B6A0087E9F1 /* ChirpUITests.xctest */,
			);
			name = Products;
			sourceTree = "<group>";
		};
		FCA180E61CF99B6A0087E9F1 /* Chirp */ = {
			isa = PBXGroup;
			children = (
				FC7E880D1CFC6DB0005DB2FE /* FBSDKCoreKit.framework */,
				FC7E880E1CFC6DB0005DB2FE /* FBSDKLoginKit.framework */,
				FC7BE8551CFC50EC00034F5C /* Story */,
				FCCA10DA1CFB1A9D004F42E1 /* Struct */,
				FCA1813A1CFA0B440087E9F1 /* Image */,
				FCA181241CF9D2280087E9F1 /* ViewController */,
				FCA1811D1CF9D0060087E9F1 /* Resource */,
				FCA181151CF9A5280087E9F1 /* Support Files */,
				FCA180E71CF99B6A0087E9F1 /* AppDelegate.swift */,
				FCA180EE1CF99B6A0087E9F1 /* Assets.xcassets */,
				FCA180F31CF99B6A0087E9F1 /* Info.plist */,
				FC7E88111CFC6EF9005DB2FE /* Chirp-Bridging-Header.h */,
			);
			path = Chirp;
			sourceTree = "<group>";
		};
		FCA180FB1CF99B6A0087E9F1 /* ChirpTests */ = {
			isa = PBXGroup;
			children = (
				FCA180FC1CF99B6A0087E9F1 /* ChirpTests.swift */,
				FCA180FE1CF99B6A0087E9F1 /* Info.plist */,
			);
			path = ChirpTests;
			sourceTree = "<group>";
		};
		FCA181061CF99B6A0087E9F1 /* ChirpUITests */ = {
			isa = PBXGroup;
			children = (
				FCA181071CF99B6A0087E9F1 /* ChirpUITests.swift */,
				FCA181091CF99B6A0087E9F1 /* Info.plist */,
			);
			path = ChirpUITests;
			sourceTree = "<group>";
		};
		FCA181151CF9A5280087E9F1 /* Support Files */ = {
			isa = PBXGroup;
			children = (
				FCA181361CF9E0090087E9F1 /* Localize.swift */,
				FCA181181CF9AD510087E9F1 /* SlideMenuController.swift */,
			);
			name = "Support Files";
			sourceTree = "<group>";
		};
		FCA1811D1CF9D0060087E9F1 /* Resource */ = {
			isa = PBXGroup;
			children = (
				FC7E88181CFC9397005DB2FE /* SwiftyJSON.swift */,
				FCA181341CF9DB160087E9F1 /* Localizable.strings */,
			);
			name = Resource;
			sourceTree = "<group>";
		};
		FCA181241CF9D2280087E9F1 /* ViewController */ = {
			isa = PBXGroup;
			children = (
				FCCA10DF1CFB200F004F42E1 /* SlideOptionTable.swift */,
				FCA180E91CF99B6A0087E9F1 /* ViewController.swift */,
				FCA181251CF9D25A0087E9F1 /* CreateViewController.swift */,
				FCA181381CF9E65A0087E9F1 /* SlideViewController.swift */,
				FC7BE8581CFC527600034F5C /* WelcomeViewController.swift */,
			);
			name = ViewController;
			sourceTree = "<group>";
		};
		FCA1813A1CFA0B440087E9F1 /* Image */ = {
			isa = PBXGroup;
			children = (
				FCE764D51CFC11A2002F362D /* chat.png */,
				FC7BE8531CFC4D1300034F5C /* icon80.png */,
				FC7BE85C1CFC61D600034F5C /* login_back2.jpg */,
				FCE764D11CFC103F002F362D /* add.png */,
				FCE764D91CFC133C002F362D /* badge.png */,
				FC192E9A1CFA169D00CF7315 /* air.jpg */,
				FCE764D31CFC1154002F362D /* note.png */,
				FC192E9C1CFA1AF100CF7315 /* autumn.png */,
				FCA1813B1CFA0B5E0087E9F1 /* bars.png */,
			);
			name = Image;
			sourceTree = "<group>";
		};
		FCCA10DA1CFB1A9D004F42E1 /* Struct */ = {
			isa = PBXGroup;
			children = (
				FCCA10DB1CFB1AB1004F42E1 /* SlideOption.swift */,
				FC7E88141CFC8AF9005DB2FE /* ErrorHandle.swift */,
				FC7E88161CFC8FE1005DB2FE /* Config.swift */,
				FC69BA0A1CFF32E8007B3EBE /* Server.swift */,
			);
			name = Struct;
			sourceTree = "<group>";
		};
/* End PBXGroup section */

/* Begin PBXNativeTarget section */
		FCA180E31CF99B6A0087E9F1 /* Chirp */ = {
			isa = PBXNativeTarget;
			buildConfigurationList = FCA1810C1CF99B6A0087E9F1 /* Build configuration list for PBXNativeTarget "Chirp" */;
			buildPhases = (
				C022468FFD4F9BDF0509F355 /* [CP] Check Pods Manifest.lock */,
				FCA180E01CF99B6A0087E9F1 /* Sources */,
				FCA180E11CF99B6A0087E9F1 /* Frameworks */,
				FCA180E21CF99B6A0087E9F1 /* Resources */,
				FC69BA261CFF475C007B3EBE /* CopyFiles */,
				8597B167B7E8C756DDAE0B69 /* [CP] Embed Pods Frameworks */,
				A92E3375BE051E6535C53463 /* [CP] Copy Pods Resources */,
			);
			buildRules = (
			);
			dependencies = (
				FC69BA251CFF4749007B3EBE /* PBXTargetDependency */,
				FC0C8CC51D08383500A77C55 /* PBXTargetDependency */,
			);
			name = Chirp;
			productName = Chirp;
			productReference = FCA180E41CF99B6A0087E9F1 /* Chirp.app */;
			productType = "com.apple.product-type.application";
		};
		FCA180F71CF99B6A0087E9F1 /* ChirpTests */ = {
			isa = PBXNativeTarget;
			buildConfigurationList = FCA1810F1CF99B6A0087E9F1 /* Build configuration list for PBXNativeTarget "ChirpTests" */;
			buildPhases = (
				FCA180F41CF99B6A0087E9F1 /* Sources */,
				FCA180F51CF99B6A0087E9F1 /* Frameworks */,
				FCA180F61CF99B6A0087E9F1 /* Resources */,
			);
			buildRules = (
			);
			dependencies = (
				FCA180FA1CF99B6A0087E9F1 /* PBXTargetDependency */,
			);
			name = ChirpTests;
			productName = ChirpTests;
			productReference = FCA180F81CF99B6A0087E9F1 /* ChirpTests.xctest */;
			productType = "com.apple.product-type.bundle.unit-test";
		};
		FCA181021CF99B6A0087E9F1 /* ChirpUITests */ = {
			isa = PBXNativeTarget;
			buildConfigurationList = FCA181121CF99B6A0087E9F1 /* Build configuration list for PBXNativeTarget "ChirpUITests" */;
			buildPhases = (
				FCA180FF1CF99B6A0087E9F1 /* Sources */,
				FCA181001CF99B6A0087E9F1 /* Frameworks */,
				FCA181011CF99B6A0087E9F1 /* Resources */,
			);
			buildRules = (
			);
			dependencies = (
				FCA181051CF99B6A0087E9F1 /* PBXTargetDependency */,
			);
			name = ChirpUITests;
			productName = ChirpUITests;
			productReference = FCA181031CF99B6A0087E9F1 /* ChirpUITests.xctest */;
			productType = "com.apple.product-type.bundle.ui-testing";
		};
/* End PBXNativeTarget section */

/* Begin PBXProject section */
		FCA180DC1CF99B6A0087E9F1 /* Project object */ = {
			isa = PBXProject;
			attributes = {
				LastSwiftUpdateCheck = 0730;
				LastUpgradeCheck = 0730;
				ORGANIZATIONNAME = NsysuDopp;
				TargetAttributes = {
					FCA180E31CF99B6A0087E9F1 = {
						CreatedOnToolsVersion = 7.3.1;
						DevelopmentTeam = KVU655BPT6;
					};
					FCA180F71CF99B6A0087E9F1 = {
						CreatedOnToolsVersion = 7.3.1;
						TestTargetID = FCA180E31CF99B6A0087E9F1;
					};
					FCA181021CF99B6A0087E9F1 = {
						CreatedOnToolsVersion = 7.3.1;
						TestTargetID = FCA180E31CF99B6A0087E9F1;
					};
				};
			};
			buildConfigurationList = FCA180DF1CF99B6A0087E9F1 /* Build configuration list for PBXProject "Chirp" */;
			compatibilityVersion = "Xcode 3.2";
			developmentRegion = English;
			hasScannedForEncodings = 0;
			knownRegions = (
				en,
				"zh-Hant",
			);
			mainGroup = FCA180DB1CF99B6A0087E9F1;
			productRefGroup = FCA180E51CF99B6A0087E9F1 /* Products */;
			projectDirPath = "";
			projectReferences = (
				{
					ProductGroup = FC69BA0D1CFF46F6007B3EBE /* Products */;
					ProjectRef = FC69BA0C1CFF46F6007B3EBE /* Alamofire.xcodeproj */;
				},
				{
					ProductGroup = FC0C8CAE1D08382100A77C55 /* Products */;
					ProjectRef = FC0C8CAD1D08382100A77C55 /* Material.xcodeproj */;
				},
			);
			projectRoot = "";
			targets = (
				FCA180E31CF99B6A0087E9F1 /* Chirp */,
				FCA180F71CF99B6A0087E9F1 /* ChirpTests */,
				FCA181021CF99B6A0087E9F1 /* ChirpUITests */,
			);
		};
/* End PBXProject section */

/* Begin PBXReferenceProxy section */
		FC0C8CBB1D08382100A77C55 /* Material.framework */ = {
			isa = PBXReferenceProxy;
			fileType = wrapper.framework;
			path = Material.framework;
			remoteRef = FC0C8CBA1D08382100A77C55 /* PBXContainerItemProxy */;
			sourceTree = BUILT_PRODUCTS_DIR;
		};
		FC0C8CBD1D08382100A77C55 /* Material.framework */ = {
			isa = PBXReferenceProxy;
			fileType = wrapper.framework;
			path = Material.framework;
			remoteRef = FC0C8CBC1D08382100A77C55 /* PBXContainerItemProxy */;
			sourceTree = BUILT_PRODUCTS_DIR;
		};
		FC0C8CBF1D08382100A77C55 /* Material.xctest */ = {
			isa = PBXReferenceProxy;
			fileType = wrapper.cfbundle;
			path = Material.xctest;
			remoteRef = FC0C8CBE1D08382100A77C55 /* PBXContainerItemProxy */;
			sourceTree = BUILT_PRODUCTS_DIR;
		};
		FC0C8CC11D08382100A77C55 /* Material OSX Tests.xctest */ = {
			isa = PBXReferenceProxy;
			fileType = wrapper.cfbundle;
			path = "Material OSX Tests.xctest";
			remoteRef = FC0C8CC01D08382100A77C55 /* PBXContainerItemProxy */;
			sourceTree = BUILT_PRODUCTS_DIR;
		};
		FC69BA171CFF46F6007B3EBE /* Alamofire.framework */ = {
			isa = PBXReferenceProxy;
			fileType = wrapper.framework;
			path = Alamofire.framework;
			remoteRef = FC69BA161CFF46F6007B3EBE /* PBXContainerItemProxy */;
			sourceTree = BUILT_PRODUCTS_DIR;
		};
		FC69BA191CFF46F6007B3EBE /* Alamofire iOS Tests.xctest */ = {
			isa = PBXReferenceProxy;
			fileType = wrapper.cfbundle;
			path = "Alamofire iOS Tests.xctest";
			remoteRef = FC69BA181CFF46F6007B3EBE /* PBXContainerItemProxy */;
			sourceTree = BUILT_PRODUCTS_DIR;
		};
		FC69BA1B1CFF46F6007B3EBE /* Alamofire.framework */ = {
			isa = PBXReferenceProxy;
			fileType = wrapper.framework;
			path = Alamofire.framework;
			remoteRef = FC69BA1A1CFF46F6007B3EBE /* PBXContainerItemProxy */;
			sourceTree = BUILT_PRODUCTS_DIR;
		};
		FC69BA1D1CFF46F6007B3EBE /* Alamofire OSX Tests.xctest */ = {
			isa = PBXReferenceProxy;
			fileType = wrapper.cfbundle;
			path = "Alamofire OSX Tests.xctest";
			remoteRef = FC69BA1C1CFF46F6007B3EBE /* PBXContainerItemProxy */;
			sourceTree = BUILT_PRODUCTS_DIR;
		};
		FC69BA1F1CFF46F6007B3EBE /* Alamofire.framework */ = {
			isa = PBXReferenceProxy;
			fileType = wrapper.framework;
			path = Alamofire.framework;
			remoteRef = FC69BA1E1CFF46F6007B3EBE /* PBXContainerItemProxy */;
			sourceTree = BUILT_PRODUCTS_DIR;
		};
		FC69BA211CFF46F6007B3EBE /* Alamofire tvOS Tests.xctest */ = {
			isa = PBXReferenceProxy;
			fileType = wrapper.cfbundle;
			path = "Alamofire tvOS Tests.xctest";
			remoteRef = FC69BA201CFF46F6007B3EBE /* PBXContainerItemProxy */;
			sourceTree = BUILT_PRODUCTS_DIR;
		};
		FC69BA231CFF46F6007B3EBE /* Alamofire.framework */ = {
			isa = PBXReferenceProxy;
			fileType = wrapper.framework;
			path = Alamofire.framework;
			remoteRef = FC69BA221CFF46F6007B3EBE /* PBXContainerItemProxy */;
			sourceTree = BUILT_PRODUCTS_DIR;
		};
/* End PBXReferenceProxy section */

/* Begin PBXResourcesBuildPhase section */
		FCA180E21CF99B6A0087E9F1 /* Resources */ = {
			isa = PBXResourcesBuildPhase;
			buildActionMask = 2147483647;
			files = (
				FC7BE85D1CFC61D600034F5C /* login_back2.jpg in Resources */,
				FC7BE8541CFC4D1300034F5C /* icon80.png in Resources */,
				FCE764D41CFC1154002F362D /* note.png in Resources */,
				FCE764D61CFC11A2002F362D /* chat.png in Resources */,
				FCA1812A1CF9D5130087E9F1 /* Main.storyboard in Resources */,
				FCE764D21CFC103F002F362D /* add.png in Resources */,
				FC192E9D1CFA1AF100CF7315 /* autumn.png in Resources */,
				FCA181321CF9DB160087E9F1 /* Localizable.strings in Resources */,
				FCA180EF1CF99B6A0087E9F1 /* Assets.xcassets in Resources */,
				FC7BE8571CFC510B00034F5C /* Login.storyboard in Resources */,
				FCE764DA1CFC133C002F362D /* badge.png in Resources */,
				FCA1813C1CFA0B5E0087E9F1 /* bars.png in Resources */,
				FC192E9B1CFA169D00CF7315 /* air.jpg in Resources */,
			);
			runOnlyForDeploymentPostprocessing = 0;
		};
		FCA180F61CF99B6A0087E9F1 /* Resources */ = {
			isa = PBXResourcesBuildPhase;
			buildActionMask = 2147483647;
			files = (
			);
			runOnlyForDeploymentPostprocessing = 0;
		};
		FCA181011CF99B6A0087E9F1 /* Resources */ = {
			isa = PBXResourcesBuildPhase;
			buildActionMask = 2147483647;
			files = (
			);
			runOnlyForDeploymentPostprocessing = 0;
		};
/* End PBXResourcesBuildPhase section */

/* Begin PBXShellScriptBuildPhase section */
		8597B167B7E8C756DDAE0B69 /* [CP] Embed Pods Frameworks */ = {
			isa = PBXShellScriptBuildPhase;
			buildActionMask = 2147483647;
			files = (
			);
			inputPaths = (
			);
			name = "[CP] Embed Pods Frameworks";
			outputPaths = (
			);
			runOnlyForDeploymentPostprocessing = 0;
			shellPath = /bin/sh;
			shellScript = "\"${SRCROOT}/Pods/Target Support Files/Pods-Chirp/Pods-Chirp-frameworks.sh\"\n";
			showEnvVarsInLog = 0;
		};
		A92E3375BE051E6535C53463 /* [CP] Copy Pods Resources */ = {
			isa = PBXShellScriptBuildPhase;
			buildActionMask = 2147483647;
			files = (
			);
			inputPaths = (
			);
			name = "[CP] Copy Pods Resources";
			outputPaths = (
			);
			runOnlyForDeploymentPostprocessing = 0;
			shellPath = /bin/sh;
			shellScript = "\"${SRCROOT}/Pods/Target Support Files/Pods-Chirp/Pods-Chirp-resources.sh\"\n";
			showEnvVarsInLog = 0;
		};
		C022468FFD4F9BDF0509F355 /* [CP] Check Pods Manifest.lock */ = {
			isa = PBXShellScriptBuildPhase;
			buildActionMask = 2147483647;
			files = (
			);
			inputPaths = (
			);
			name = "[CP] Check Pods Manifest.lock";
			outputPaths = (
			);
			runOnlyForDeploymentPostprocessing = 0;
			shellPath = /bin/sh;
			shellScript = "diff \"${PODS_ROOT}/../Podfile.lock\" \"${PODS_ROOT}/Manifest.lock\" > /dev/null\nif [[ $? != 0 ]] ; then\n    cat << EOM\nerror: The sandbox is not in sync with the Podfile.lock. Run 'pod install' or update your CocoaPods installation.\nEOM\n    exit 1\nfi\n";
			showEnvVarsInLog = 0;
		};
/* End PBXShellScriptBuildPhase section */

/* Begin PBXSourcesBuildPhase section */
		FCA180E01CF99B6A0087E9F1 /* Sources */ = {
			isa = PBXSourcesBuildPhase;
			buildActionMask = 2147483647;
			files = (
				FC7BE8591CFC527600034F5C /* WelcomeViewController.swift in Sources */,
				FCA180EA1CF99B6A0087E9F1 /* ViewController.swift in Sources */,
				FCA181191CF9AD510087E9F1 /* SlideMenuController.swift in Sources */,
				FC7E88191CFC9397005DB2FE /* SwiftyJSON.swift in Sources */,
				FCA181391CF9E65A0087E9F1 /* SlideViewController.swift in Sources */,
				FC7E88171CFC8FE1005DB2FE /* Config.swift in Sources */,
				FCCA10E01CFB200F004F42E1 /* SlideOptionTable.swift in Sources */,
				FCCA10DC1CFB1AB1004F42E1 /* SlideOption.swift in Sources */,
				FCA181371CF9E0090087E9F1 /* Localize.swift in Sources */,
				FCA180E81CF99B6A0087E9F1 /* AppDelegate.swift in Sources */,
				FC7E88151CFC8AF9005DB2FE /* ErrorHandle.swift in Sources */,
				FC69BA0B1CFF32E8007B3EBE /* Server.swift in Sources */,
				FCA181261CF9D25A0087E9F1 /* CreateViewController.swift in Sources */,
			);
			runOnlyForDeploymentPostprocessing = 0;
		};
		FCA180F41CF99B6A0087E9F1 /* Sources */ = {
			isa = PBXSourcesBuildPhase;
			buildActionMask = 2147483647;
			files = (
				FCA180FD1CF99B6A0087E9F1 /* ChirpTests.swift in Sources */,
			);
			runOnlyForDeploymentPostprocessing = 0;
		};
		FCA180FF1CF99B6A0087E9F1 /* Sources */ = {
			isa = PBXSourcesBuildPhase;
			buildActionMask = 2147483647;
			files = (
				FCA181081CF99B6A0087E9F1 /* ChirpUITests.swift in Sources */,
			);
			runOnlyForDeploymentPostprocessing = 0;
		};
/* End PBXSourcesBuildPhase section */

/* Begin PBXTargetDependency section */
		FC0C8CC51D08383500A77C55 /* PBXTargetDependency */ = {
			isa = PBXTargetDependency;
			name = "Material iOS";
			targetProxy = FC0C8CC41D08383500A77C55 /* PBXContainerItemProxy */;
		};
		FC69BA251CFF4749007B3EBE /* PBXTargetDependency */ = {
			isa = PBXTargetDependency;
			name = "Alamofire iOS";
			targetProxy = FC69BA241CFF4749007B3EBE /* PBXContainerItemProxy */;
		};
		FCA180FA1CF99B6A0087E9F1 /* PBXTargetDependency */ = {
			isa = PBXTargetDependency;
			target = FCA180E31CF99B6A0087E9F1 /* Chirp */;
			targetProxy = FCA180F91CF99B6A0087E9F1 /* PBXContainerItemProxy */;
		};
		FCA181051CF99B6A0087E9F1 /* PBXTargetDependency */ = {
			isa = PBXTargetDependency;
			target = FCA180E31CF99B6A0087E9F1 /* Chirp */;
			targetProxy = FCA181041CF99B6A0087E9F1 /* PBXContainerItemProxy */;
		};
/* End PBXTargetDependency section */

/* Begin PBXVariantGroup section */
		FCA181341CF9DB160087E9F1 /* Localizable.strings */ = {
			isa = PBXVariantGroup;
			children = (
				FCA181331CF9DB160087E9F1 /* en */,
				FCA181351CF9DB170087E9F1 /* zh-Hant */,
			);
			name = Localizable.strings;
			sourceTree = "<group>";
		};
/* End PBXVariantGroup section */

/* Begin XCBuildConfiguration section */
		FCA1810A1CF99B6A0087E9F1 /* Debug */ = {
			isa = XCBuildConfiguration;
			buildSettings = {
				ALWAYS_SEARCH_USER_PATHS = NO;
				CLANG_ANALYZER_NONNULL = YES;
				CLANG_CXX_LANGUAGE_STANDARD = "gnu++0x";
				CLANG_CXX_LIBRARY = "libc++";
				CLANG_ENABLE_MODULES = YES;
				CLANG_ENABLE_OBJC_ARC = YES;
				CLANG_WARN_BOOL_CONVERSION = YES;
				CLANG_WARN_CONSTANT_CONVERSION = YES;
				CLANG_WARN_DIRECT_OBJC_ISA_USAGE = YES_ERROR;
				CLANG_WARN_EMPTY_BODY = YES;
				CLANG_WARN_ENUM_CONVERSION = YES;
				CLANG_WARN_INT_CONVERSION = YES;
				CLANG_WARN_OBJC_ROOT_CLASS = YES_ERROR;
				CLANG_WARN_UNREACHABLE_CODE = YES;
				CLANG_WARN__DUPLICATE_METHOD_MATCH = YES;
				"CODE_SIGN_IDENTITY[sdk=iphoneos*]" = "iPhone Developer";
				COPY_PHASE_STRIP = NO;
				DEBUG_INFORMATION_FORMAT = dwarf;
				ENABLE_STRICT_OBJC_MSGSEND = YES;
				ENABLE_TESTABILITY = YES;
				GCC_C_LANGUAGE_STANDARD = gnu99;
				GCC_DYNAMIC_NO_PIC = NO;
				GCC_NO_COMMON_BLOCKS = YES;
				GCC_OPTIMIZATION_LEVEL = 0;
				GCC_PREPROCESSOR_DEFINITIONS = (
					"DEBUG=1",
					"$(inherited)",
				);
				GCC_WARN_64_TO_32_BIT_CONVERSION = YES;
				GCC_WARN_ABOUT_RETURN_TYPE = YES_ERROR;
				GCC_WARN_UNDECLARED_SELECTOR = YES;
				GCC_WARN_UNINITIALIZED_AUTOS = YES_AGGRESSIVE;
				GCC_WARN_UNUSED_FUNCTION = YES;
				GCC_WARN_UNUSED_VARIABLE = YES;
				IPHONEOS_DEPLOYMENT_TARGET = 9.2;
				MTL_ENABLE_DEBUG_INFO = YES;
				ONLY_ACTIVE_ARCH = YES;
				SDKROOT = iphoneos;
				SWIFT_OPTIMIZATION_LEVEL = "-Onone";
			};
			name = Debug;
		};
		FCA1810B1CF99B6A0087E9F1 /* Release */ = {
			isa = XCBuildConfiguration;
			buildSettings = {
				ALWAYS_SEARCH_USER_PATHS = NO;
				CLANG_ANALYZER_NONNULL = YES;
				CLANG_CXX_LANGUAGE_STANDARD = "gnu++0x";
				CLANG_CXX_LIBRARY = "libc++";
				CLANG_ENABLE_MODULES = YES;
				CLANG_ENABLE_OBJC_ARC = YES;
				CLANG_WARN_BOOL_CONVERSION = YES;
				CLANG_WARN_CONSTANT_CONVERSION = YES;
				CLANG_WARN_DIRECT_OBJC_ISA_USAGE = YES_ERROR;
				CLANG_WARN_EMPTY_BODY = YES;
				CLANG_WARN_ENUM_CONVERSION = YES;
				CLANG_WARN_INT_CONVERSION = YES;
				CLANG_WARN_OBJC_ROOT_CLASS = YES_ERROR;
				CLANG_WARN_UNREACHABLE_CODE = YES;
				CLANG_WARN__DUPLICATE_METHOD_MATCH = YES;
				"CODE_SIGN_IDENTITY[sdk=iphoneos*]" = "iPhone Developer";
				COPY_PHASE_STRIP = NO;
				DEBUG_INFORMATION_FORMAT = "dwarf-with-dsym";
				ENABLE_NS_ASSERTIONS = NO;
				ENABLE_STRICT_OBJC_MSGSEND = YES;
				GCC_C_LANGUAGE_STANDARD = gnu99;
				GCC_NO_COMMON_BLOCKS = YES;
				GCC_WARN_64_TO_32_BIT_CONVERSION = YES;
				GCC_WARN_ABOUT_RETURN_TYPE = YES_ERROR;
				GCC_WARN_UNDECLARED_SELECTOR = YES;
				GCC_WARN_UNINITIALIZED_AUTOS = YES_AGGRESSIVE;
				GCC_WARN_UNUSED_FUNCTION = YES;
				GCC_WARN_UNUSED_VARIABLE = YES;
				IPHONEOS_DEPLOYMENT_TARGET = 9.2;
				MTL_ENABLE_DEBUG_INFO = NO;
				SDKROOT = iphoneos;
				VALIDATE_PRODUCT = YES;
			};
			name = Release;
		};
		FCA1810D1CF99B6A0087E9F1 /* Debug */ = {
			isa = XCBuildConfiguration;
			baseConfigurationReference = E07F89A8E4AE7D16C38E47D3 /* Pods-Chirp.debug.xcconfig */;
			buildSettings = {
				ASSETCATALOG_COMPILER_APPICON_NAME = AppIcon;
				CLANG_ENABLE_MODULES = YES;
				CODE_SIGN_IDENTITY = "iPhone Developer";
				"CODE_SIGN_IDENTITY[sdk=iphoneos*]" = "iPhone Developer";
				EMBEDDED_CONTENT_CONTAINS_SWIFT = YES;
				FRAMEWORK_SEARCH_PATHS = (
					"$(inherited)",
					"$(PROJECT_DIR)/Chirp",
				);
				INFOPLIST_FILE = Chirp/Info.plist;
				LD_RUNPATH_SEARCH_PATHS = "$(inherited) @executable_path/Frameworks";
				PRODUCT_BUNDLE_IDENTIFIER = com.NsysuDop.Chirp;
				PRODUCT_NAME = "$(TARGET_NAME)";
				PROVISIONING_PROFILE = "";
				SWIFT_OBJC_BRIDGING_HEADER = "Chirp/Chirp-Bridging-Header.h";
				SWIFT_OPTIMIZATION_LEVEL = "-Onone";
				TARGETED_DEVICE_FAMILY = "1,2";
				USER_HEADER_SEARCH_PATHS = "${SRCROOT}  /**";
			};
			name = Debug;
		};
		FCA1810E1CF99B6A0087E9F1 /* Release */ = {
			isa = XCBuildConfiguration;
			baseConfigurationReference = 18DF748953818780ED51E751 /* Pods-Chirp.release.xcconfig */;
			buildSettings = {
				ASSETCATALOG_COMPILER_APPICON_NAME = AppIcon;
				CLANG_ENABLE_MODULES = YES;
				CODE_SIGN_IDENTITY = "iPhone Developer";
				"CODE_SIGN_IDENTITY[sdk=iphoneos*]" = "iPhone Developer";
				EMBEDDED_CONTENT_CONTAINS_SWIFT = YES;
				FRAMEWORK_SEARCH_PATHS = (
					"$(inherited)",
					"$(PROJECT_DIR)/Chirp",
				);
				INFOPLIST_FILE = Chirp/Info.plist;
				LD_RUNPATH_SEARCH_PATHS = "$(inherited) @executable_path/Frameworks";
				PRODUCT_BUNDLE_IDENTIFIER = com.NsysuDop.Chirp;
				PRODUCT_NAME = "$(TARGET_NAME)";
				PROVISIONING_PROFILE = "";
				SWIFT_OBJC_BRIDGING_HEADER = "Chirp/Chirp-Bridging-Header.h";
				TARGETED_DEVICE_FAMILY = "1,2";
				USER_HEADER_SEARCH_PATHS = "${SRCROOT}  /**";
			};
			name = Release;
		};
		FCA181101CF99B6A0087E9F1 /* Debug */ = {
			isa = XCBuildConfiguration;
			buildSettings = {
				BUNDLE_LOADER = "$(TEST_HOST)";
				INFOPLIST_FILE = ChirpTests/Info.plist;
				LD_RUNPATH_SEARCH_PATHS = "$(inherited) @executable_path/Frameworks @loader_path/Frameworks";
				PRODUCT_BUNDLE_IDENTIFIER = com.NsysuDop.ChirpTests;
				PRODUCT_NAME = "$(TARGET_NAME)";
				TEST_HOST = "$(BUILT_PRODUCTS_DIR)/Chirp.app/Chirp";
			};
			name = Debug;
		};
		FCA181111CF99B6A0087E9F1 /* Release */ = {
			isa = XCBuildConfiguration;
			buildSettings = {
				BUNDLE_LOADER = "$(TEST_HOST)";
				INFOPLIST_FILE = ChirpTests/Info.plist;
				LD_RUNPATH_SEARCH_PATHS = "$(inherited) @executable_path/Frameworks @loader_path/Frameworks";
				PRODUCT_BUNDLE_IDENTIFIER = com.NsysuDop.ChirpTests;
				PRODUCT_NAME = "$(TARGET_NAME)";
				TEST_HOST = "$(BUILT_PRODUCTS_DIR)/Chirp.app/Chirp";
			};
			name = Release;
		};
		FCA181131CF99B6A0087E9F1 /* Debug */ = {
			isa = XCBuildConfiguration;
			buildSettings = {
				INFOPLIST_FILE = ChirpUITests/Info.plist;
				LD_RUNPATH_SEARCH_PATHS = "$(inherited) @executable_path/Frameworks @loader_path/Frameworks";
				PRODUCT_BUNDLE_IDENTIFIER = com.NsysuDop.ChirpUITests;
				PRODUCT_NAME = "$(TARGET_NAME)";
				TEST_TARGET_NAME = Chirp;
			};
			name = Debug;
		};
		FCA181141CF99B6A0087E9F1 /* Release */ = {
			isa = XCBuildConfiguration;
			buildSettings = {
				INFOPLIST_FILE = ChirpUITests/Info.plist;
				LD_RUNPATH_SEARCH_PATHS = "$(inherited) @executable_path/Frameworks @loader_path/Frameworks";
				PRODUCT_BUNDLE_IDENTIFIER = com.NsysuDop.ChirpUITests;
				PRODUCT_NAME = "$(TARGET_NAME)";
				TEST_TARGET_NAME = Chirp;
			};
			name = Release;
		};
/* End XCBuildConfiguration section */

/* Begin XCConfigurationList section */
		FCA180DF1CF99B6A0087E9F1 /* Build configuration list for PBXProject "Chirp" */ = {
			isa = XCConfigurationList;
			buildConfigurations = (
				FCA1810A1CF99B6A0087E9F1 /* Debug */,
				FCA1810B1CF99B6A0087E9F1 /* Release */,
			);
			defaultConfigurationIsVisible = 0;
			defaultConfigurationName = Release;
		};
		FCA1810C1CF99B6A0087E9F1 /* Build configuration list for PBXNativeTarget "Chirp" */ = {
			isa = XCConfigurationList;
			buildConfigurations = (
				FCA1810D1CF99B6A0087E9F1 /* Debug */,
				FCA1810E1CF99B6A0087E9F1 /* Release */,
			);
			defaultConfigurationIsVisible = 0;
			defaultConfigurationName = Release;
		};
		FCA1810F1CF99B6A0087E9F1 /* Build configuration list for PBXNativeTarget "ChirpTests" */ = {
			isa = XCConfigurationList;
			buildConfigurations = (
				FCA181101CF99B6A0087E9F1 /* Debug */,
				FCA181111CF99B6A0087E9F1 /* Release */,
			);
			defaultConfigurationIsVisible = 0;
			defaultConfigurationName = Release;
		};
		FCA181121CF99B6A0087E9F1 /* Build configuration list for PBXNativeTarget "ChirpUITests" */ = {
			isa = XCConfigurationList;
			buildConfigurations = (
				FCA181131CF99B6A0087E9F1 /* Debug */,
				FCA181141CF99B6A0087E9F1 /* Release */,
			);
			defaultConfigurationIsVisible = 0;
			defaultConfigurationName = Release;
		};
/* End XCConfigurationList section */
	};
	rootObject = FCA180DC1CF99B6A0087E9F1 /* Project object */;
}
